
Microsoft Visual Studio Solution File, Format Version 12.00
# Visual Studio Version 17
VisualStudioVersion = 17.4.33213.308
MinimumVisualStudioVersion = 10.0.40219.1
Project("{FAE04EC0-301F-11D3-BF4B-00C04F79EFBC}") = "01. Integer Operations", "01. Integer Operations\01. Integer Operations.csproj", "{740E4CB8-A060-47BD-A00F-320AB5C95C73}"
EndProject
Project("{FAE04EC0-301F-11D3-BF4B-00C04F79EFBC}") = "demo", "demo\demo.csproj", "{580FD948-46F0-463A-828E-B55578299F29}"
EndProject
Project("{FAE04EC0-301F-11D3-BF4B-00C04F79EFBC}") = "02. Sum Digits", "02. Sum Digits\02. Sum Digits.csproj", "{E13B0842-A1E9-4B75-BCC2-D58122738FF4}"
EndProject
Project("{FAE04EC0-301F-11D3-BF4B-00C04F79EFBC}") = "03. Elevator", "03. Elevator\03. Elevator.csproj", "{2CEC8010-022A-442F-90A9-90AF094DDC29}"
EndProject
Project("{FAE04EC0-301F-11D3-BF4B-00C04F79EFBC}") = "04. Sum of Chars", "04. Sum of Chars\04. Sum of Chars.csproj", "{0825B2FE-0C6A-4BF7-8254-938F940A48FB}"
EndProject
Project("{FAE04EC0-301F-11D3-BF4B-00C04F79EFBC}") = "03. Elevator - Exercise", "03. Elevator - Exercise\03. Elevator - Exercise.csproj", "{CEB52C87-28A5-475F-8435-B9445DC18515}"
EndProject
Project("{FAE04EC0-301F-11D3-BF4B-00C04F79EFBC}") = "05. Print Part Of ASCII Table", "05. Print Part Of ASCII Table\05. Print Part Of ASCII Table.csproj", "{21ECE987-99B4-476E-8424-13382EFB6C76}"
EndProject
Project("{FAE04EC0-301F-11D3-BF4B-00C04F79EFBC}") = "06. Triples of Latin Letters", "06. Triples of Latin Letters\06. Triples of Latin Letters.csproj", "{848DE187-1BE8-4BDD-AFDD-936D5DD84909}"
EndProject
Project("{FAE04EC0-301F-11D3-BF4B-00C04F79EFBC}") = "07. Water Overflow", "07. Water Overflow\07. Water Overflow.csproj", "{EA1FA857-C9AC-43FC-AB65-B3A0287AC1DD}"
EndProject
Project("{FAE04EC0-301F-11D3-BF4B-00C04F79EFBC}") = "08. Beer Kegs", "08. Beer Kegs\08. Beer Kegs.csproj", "{F49C6131-A956-4D88-9C22-C2FFC0A4273C}"
EndProject
Project("{FAE04EC0-301F-11D3-BF4B-00C04F79EFBC}") = "09. Spice Must Flow", "09. Spice Must Flow\09. Spice Must Flow.csproj", "{9EE2EE28-5729-4C97-B4CB-6FAC3B1D5497}"
EndProject
Project("{FAE04EC0-301F-11D3-BF4B-00C04F79EFBC}") = "10. Poke Mon", "10. Poke Mon\10. Poke Mon.csproj", "{D493E451-FAE5-4DF4-980E-B1CE06A19485}"
EndProject
Project("{FAE04EC0-301F-11D3-BF4B-00C04F79EFBC}") = "11. Snowballs", "11. Snowballs\11. Snowballs.csproj", "{E95DFDDA-D512-4C7F-A9BE-E1B80776753A}"
EndProject
Global
	GlobalSection(SolutionConfigurationPlatforms) = preSolution
		Debug|Any CPU = Debug|Any CPU
		Release|Any CPU = Release|Any CPU
	EndGlobalSection
	GlobalSection(ProjectConfigurationPlatforms) = postSolution
		{740E4CB8-A060-47BD-A00F-320AB5C95C73}.Debug|Any CPU.ActiveCfg = Debug|Any CPU
		{740E4CB8-A060-47BD-A00F-320AB5C95C73}.Debug|Any CPU.Build.0 = Debug|Any CPU
		{740E4CB8-A060-47BD-A00F-320AB5C95C73}.Release|Any CPU.ActiveCfg = Release|Any CPU
		{740E4CB8-A060-47BD-A00F-320AB5C95C73}.Release|Any CPU.Build.0 = Release|Any CPU
		{580FD948-46F0-463A-828E-B55578299F29}.Debug|Any CPU.ActiveCfg = Debug|Any CPU
		{580FD948-46F0-463A-828E-B55578299F29}.Debug|Any CPU.Build.0 = Debug|Any CPU
		{580FD948-46F0-463A-828E-B55578299F29}.Release|Any CPU.ActiveCfg = Release|Any CPU
		{580FD948-46F0-463A-828E-B55578299F29}.Release|Any CPU.Build.0 = Release|Any CPU
		{E13B0842-A1E9-4B75-BCC2-D58122738FF4}.Debug|Any CPU.ActiveCfg = Debug|Any CPU
		{E13B0842-A1E9-4B75-BCC2-D58122738FF4}.Debug|Any CPU.Build.0 = Debug|Any CPU
		{E13B0842-A1E9-4B75-BCC2-D58122738FF4}.Release|Any CPU.ActiveCfg = Release|Any CPU
		{E13B0842-A1E9-4B75-BCC2-D58122738FF4}.Release|Any CPU.Build.0 = Release|Any CPU
		{2CEC8010-022A-442F-90A9-90AF094DDC29}.Debug|Any CPU.ActiveCfg = Debug|Any CPU
		{2CEC8010-022A-442F-90A9-90AF094DDC29}.Debug|Any CPU.Build.0 = Debug|Any CPU
		{2CEC8010-022A-442F-90A9-90AF094DDC29}.Release|Any CPU.ActiveCfg = Release|Any CPU
		{2CEC8010-022A-442F-90A9-90AF094DDC29}.Release|Any CPU.Build.0 = Release|Any CPU
		{0825B2FE-0C6A-4BF7-8254-938F940A48FB}.Debug|Any CPU.ActiveCfg = Debug|Any CPU
		{0825B2FE-0C6A-4BF7-8254-938F940A48FB}.Debug|Any CPU.Build.0 = Debug|Any CPU
		{0825B2FE-0C6A-4BF7-8254-938F940A48FB}.Release|Any CPU.ActiveCfg = Release|Any CPU
		{0825B2FE-0C6A-4BF7-8254-938F940A48FB}.Release|Any CPU.Build.0 = Release|Any CPU
		{CEB52C87-28A5-475F-8435-B9445DC18515}.Debug|Any CPU.ActiveCfg = Debug|Any CPU
		{CEB52C87-28A5-475F-8435-B9445DC18515}.Debug|Any CPU.Build.0 = Debug|Any CPU
		{CEB52C87-28A5-475F-8435-B9445DC18515}.Release|Any CPU.ActiveCfg = Release|Any CPU
		{CEB52C87-28A5-475F-8435-B9445DC18515}.Release|Any CPU.Build.0 = Release|Any CPU
		{21ECE987-99B4-476E-8424-13382EFB6C76}.Debug|Any CPU.ActiveCfg = Debug|Any CPU
		{21ECE987-99B4-476E-8424-13382EFB6C76}.Debug|Any CPU.Build.0 = Debug|Any CPU
		{21ECE987-99B4-476E-8424-13382EFB6C76}.Release|Any CPU.ActiveCfg = Release|Any CPU
		{21ECE987-99B4-476E-8424-13382EFB6C76}.Release|Any CPU.Build.0 = Release|Any CPU
		{848DE187-1BE8-4BDD-AFDD-936D5DD84909}.Debug|Any CPU.ActiveCfg = Debug|Any CPU
		{848DE187-1BE8-4BDD-AFDD-936D5DD84909}.Debug|Any CPU.Build.0 = Debug|Any CPU
		{848DE187-1BE8-4BDD-AFDD-936D5DD84909}.Release|Any CPU.ActiveCfg = Release|Any CPU
		{848DE187-1BE8-4BDD-AFDD-936D5DD84909}.Release|Any CPU.Build.0 = Release|Any CPU
		{EA1FA857-C9AC-43FC-AB65-B3A0287AC1DD}.Debug|Any CPU.ActiveCfg = Debug|Any CPU
		{EA1FA857-C9AC-43FC-AB65-B3A0287AC1DD}.Debug|Any CPU.Build.0 = Debug|Any CPU
		{EA1FA857-C9AC-43FC-AB65-B3A0287AC1DD}.Release|Any CPU.ActiveCfg = Release|Any CPU
		{EA1FA857-C9AC-43FC-AB65-B3A0287AC1DD}.Release|Any CPU.Build.0 = Release|Any CPU
		{F49C6131-A956-4D88-9C22-C2FFC0A4273C}.Debug|Any CPU.ActiveCfg = Debug|Any CPU
		{F49C6131-A956-4D88-9C22-C2FFC0A4273C}.Debug|Any CPU.Build.0 = Debug|Any CPU
		{F49C6131-A956-4D88-9C22-C2FFC0A4273C}.Release|Any CPU.ActiveCfg = Release|Any CPU
		{F49C6131-A956-4D88-9C22-C2FFC0A4273C}.Release|Any CPU.Build.0 = Release|Any CPU
		{9EE2EE28-5729-4C97-B4CB-6FAC3B1D5497}.Debug|Any CPU.ActiveCfg = Debug|Any CPU
		{9EE2EE28-5729-4C97-B4CB-6FAC3B1D5497}.Debug|Any CPU.Build.0 = Debug|Any CPU
		{9EE2EE28-5729-4C97-B4CB-6FAC3B1D5497}.Release|Any CPU.ActiveCfg = Release|Any CPU
		{9EE2EE28-5729-4C97-B4CB-6FAC3B1D5497}.Release|Any CPU.Build.0 = Release|Any CPU
		{D493E451-FAE5-4DF4-980E-B1CE06A19485}.Debug|Any CPU.ActiveCfg = Debug|Any CPU
		{D493E451-FAE5-4DF4-980E-B1CE06A19485}.Debug|Any CPU.Build.0 = Debug|Any CPU
		{D493E451-FAE5-4DF4-980E-B1CE06A19485}.Release|Any CPU.ActiveCfg = Release|Any CPU
		{D493E451-FAE5-4DF4-980E-B1CE06A19485}.Release|Any CPU.Build.0 = Release|Any CPU
		{E95DFDDA-D512-4C7F-A9BE-E1B80776753A}.Debug|Any CPU.ActiveCfg = Debug|Any CPU
		{E95DFDDA-D512-4C7F-A9BE-E1B80776753A}.Debug|Any CPU.Build.0 = Debug|Any CPU
		{E95DFDDA-D512-4C7F-A9BE-E1B80776753A}.Release|Any CPU.ActiveCfg = Release|Any CPU
		{E95DFDDA-D512-4C7F-A9BE-E1B80776753A}.Release|Any CPU.Build.0 = Release|Any CPU
	EndGlobalSection
	GlobalSection(SolutionProperties) = preSolution
		HideSolutionNode = FALSE
	EndGlobalSection
	GlobalSection(ExtensibilityGlobals) = postSolution
		SolutionGuid = {EF911430-0E40-456B-8DCF-768B1957A0E3}
	EndGlobalSection
EndGlobal
