
Microsoft Visual Studio Solution File, Format Version 12.00
# Visual Studio Version 17
VisualStudioVersion = 17.6.33723.286
MinimumVisualStudioVersion = 10.0.40219.1
Project("{9A19103F-16F7-4668-BE54-9A1E7A4F7556}") = "01. Furniture", "01. Furniture\01. Furniture.csproj", "{F5A22CEF-EB53-4DCC-BBCB-8C00FDF2AE02}"
EndProject
Project("{9A19103F-16F7-4668-BE54-9A1E7A4F7556}") = "02. Race", "02. Race\02. Race.csproj", "{FD0D7D68-6F43-4F36-AF56-8CC0054D34C2}"
EndProject
Project("{9A19103F-16F7-4668-BE54-9A1E7A4F7556}") = "03. SoftUni Bar Income", "03. SoftUni Bar Income\03. SoftUni Bar Income.csproj", "{9ECB0E22-243B-4219-B33B-CD3DEB5CB1F2}"
EndProject
Project("{9A19103F-16F7-4668-BE54-9A1E7A4F7556}") = "04. Star Enigma", "04. Star Enigma\04. Star Enigma.csproj", "{613EC6DA-A65F-4985-A0D2-93769D437B17}"
EndProject
Project("{9A19103F-16F7-4668-BE54-9A1E7A4F7556}") = "05. Nether Realms", "05. Nether Realms\05. Nether Realms.csproj", "{C2CF1A63-0259-4600-B301-9747D548E063}"
EndProject
Project("{9A19103F-16F7-4668-BE54-9A1E7A4F7556}") = "06. Extract Emails", "06. Extract Emails\06. Extract Emails.csproj", "{F4A5745F-7BEA-4250-80D4-8F08D2439FBC}"
EndProject
Global
	GlobalSection(SolutionConfigurationPlatforms) = preSolution
		Debug|Any CPU = Debug|Any CPU
		Release|Any CPU = Release|Any CPU
	EndGlobalSection
	GlobalSection(ProjectConfigurationPlatforms) = postSolution
		{F5A22CEF-EB53-4DCC-BBCB-8C00FDF2AE02}.Debug|Any CPU.ActiveCfg = Debug|Any CPU
		{F5A22CEF-EB53-4DCC-BBCB-8C00FDF2AE02}.Debug|Any CPU.Build.0 = Debug|Any CPU
		{F5A22CEF-EB53-4DCC-BBCB-8C00FDF2AE02}.Release|Any CPU.ActiveCfg = Release|Any CPU
		{F5A22CEF-EB53-4DCC-BBCB-8C00FDF2AE02}.Release|Any CPU.Build.0 = Release|Any CPU
		{FD0D7D68-6F43-4F36-AF56-8CC0054D34C2}.Debug|Any CPU.ActiveCfg = Debug|Any CPU
		{FD0D7D68-6F43-4F36-AF56-8CC0054D34C2}.Debug|Any CPU.Build.0 = Debug|Any CPU
		{FD0D7D68-6F43-4F36-AF56-8CC0054D34C2}.Release|Any CPU.ActiveCfg = Release|Any CPU
		{FD0D7D68-6F43-4F36-AF56-8CC0054D34C2}.Release|Any CPU.Build.0 = Release|Any CPU
		{9ECB0E22-243B-4219-B33B-CD3DEB5CB1F2}.Debug|Any CPU.ActiveCfg = Debug|Any CPU
		{9ECB0E22-243B-4219-B33B-CD3DEB5CB1F2}.Debug|Any CPU.Build.0 = Debug|Any CPU
		{9ECB0E22-243B-4219-B33B-CD3DEB5CB1F2}.Release|Any CPU.ActiveCfg = Release|Any CPU
		{9ECB0E22-243B-4219-B33B-CD3DEB5CB1F2}.Release|Any CPU.Build.0 = Release|Any CPU
		{613EC6DA-A65F-4985-A0D2-93769D437B17}.Debug|Any CPU.ActiveCfg = Debug|Any CPU
		{613EC6DA-A65F-4985-A0D2-93769D437B17}.Debug|Any CPU.Build.0 = Debug|Any CPU
		{613EC6DA-A65F-4985-A0D2-93769D437B17}.Release|Any CPU.ActiveCfg = Release|Any CPU
		{613EC6DA-A65F-4985-A0D2-93769D437B17}.Release|Any CPU.Build.0 = Release|Any CPU
		{C2CF1A63-0259-4600-B301-9747D548E063}.Debug|Any CPU.ActiveCfg = Debug|Any CPU
		{C2CF1A63-0259-4600-B301-9747D548E063}.Debug|Any CPU.Build.0 = Debug|Any CPU
		{C2CF1A63-0259-4600-B301-9747D548E063}.Release|Any CPU.ActiveCfg = Release|Any CPU
		{C2CF1A63-0259-4600-B301-9747D548E063}.Release|Any CPU.Build.0 = Release|Any CPU
		{F4A5745F-7BEA-4250-80D4-8F08D2439FBC}.Debug|Any CPU.ActiveCfg = Debug|Any CPU
		{F4A5745F-7BEA-4250-80D4-8F08D2439FBC}.Debug|Any CPU.Build.0 = Debug|Any CPU
		{F4A5745F-7BEA-4250-80D4-8F08D2439FBC}.Release|Any CPU.ActiveCfg = Release|Any CPU
		{F4A5745F-7BEA-4250-80D4-8F08D2439FBC}.Release|Any CPU.Build.0 = Release|Any CPU
	EndGlobalSection
	GlobalSection(SolutionProperties) = preSolution
		HideSolutionNode = FALSE
	EndGlobalSection
	GlobalSection(ExtensibilityGlobals) = postSolution
		SolutionGuid = {73C88057-E3CE-4D21-91CE-08CADB534F0A}
	EndGlobalSection
EndGlobal
