
Microsoft Visual Studio Solution File, Format Version 12.00
# Visual Studio Version 17
VisualStudioVersion = 17.4.33213.308
MinimumVisualStudioVersion = 10.0.40219.1
Project("{9A19103F-16F7-4668-BE54-9A1E7A4F7556}") = "01. Day of Week", "01. Day of Week\01. Day of Week.csproj", "{C395CFDF-CC38-4045-AA3A-56EB24EBA865}"
EndProject
Project("{FAE04EC0-301F-11D3-BF4B-00C04F79EFBC}") = "02. Print Numbers in Reverse Order", "02. Print Numbers in Reverse Order\02. Print Numbers in Reverse Order.csproj", "{7AFB31A7-3C55-4D93-B046-7B3F524A43F0}"
EndProject
Project("{FAE04EC0-301F-11D3-BF4B-00C04F79EFBC}") = "03. Rounding Numbers", "03. Rounding Numbers\03. Rounding Numbers.csproj", "{BDA348A2-8085-49C6-92C0-710154A90179}"
EndProject
Project("{FAE04EC0-301F-11D3-BF4B-00C04F79EFBC}") = "04. Reverse Array of Strings", "04. Reverse Array of Strings\04. Reverse Array of Strings.csproj", "{5C0D4B0A-4A41-45A1-8631-33B117C14112}"
EndProject
Project("{FAE04EC0-301F-11D3-BF4B-00C04F79EFBC}") = "demo", "demo\demo.csproj", "{0EE6E3CA-D2E3-4F27-8B90-891EC48118FF}"
EndProject
Project("{FAE04EC0-301F-11D3-BF4B-00C04F79EFBC}") = "05. Sum Even Numbers", "05. Sum Even Numbers\05. Sum Even Numbers.csproj", "{D7259F49-8AFC-4BAD-8FAB-735CE2C4C282}"
EndProject
Project("{FAE04EC0-301F-11D3-BF4B-00C04F79EFBC}") = "06. Even and Odd Subtraction", "06. Even and Odd Subtraction\06. Even and Odd Subtraction.csproj", "{31A60C66-98DB-4643-A11A-235D73E4CD49}"
EndProject
Project("{FAE04EC0-301F-11D3-BF4B-00C04F79EFBC}") = "07. Equal Arrays", "07. Equal Arrays\07. Equal Arrays.csproj", "{C29AD48E-22C5-40BE-A7F1-749E981DCFD1}"
EndProject
Project("{FAE04EC0-301F-11D3-BF4B-00C04F79EFBC}") = "08. Condense Array to Number", "08. Condense Array to Number\08. Condense Array to Number.csproj", "{315EE9C0-48C2-4787-9A7E-EC570C4492B3}"
EndProject
Global
	GlobalSection(SolutionConfigurationPlatforms) = preSolution
		Debug|Any CPU = Debug|Any CPU
		Release|Any CPU = Release|Any CPU
	EndGlobalSection
	GlobalSection(ProjectConfigurationPlatforms) = postSolution
		{C395CFDF-CC38-4045-AA3A-56EB24EBA865}.Debug|Any CPU.ActiveCfg = Debug|Any CPU
		{C395CFDF-CC38-4045-AA3A-56EB24EBA865}.Debug|Any CPU.Build.0 = Debug|Any CPU
		{C395CFDF-CC38-4045-AA3A-56EB24EBA865}.Release|Any CPU.ActiveCfg = Release|Any CPU
		{C395CFDF-CC38-4045-AA3A-56EB24EBA865}.Release|Any CPU.Build.0 = Release|Any CPU
		{7AFB31A7-3C55-4D93-B046-7B3F524A43F0}.Debug|Any CPU.ActiveCfg = Debug|Any CPU
		{7AFB31A7-3C55-4D93-B046-7B3F524A43F0}.Debug|Any CPU.Build.0 = Debug|Any CPU
		{7AFB31A7-3C55-4D93-B046-7B3F524A43F0}.Release|Any CPU.ActiveCfg = Release|Any CPU
		{7AFB31A7-3C55-4D93-B046-7B3F524A43F0}.Release|Any CPU.Build.0 = Release|Any CPU
		{BDA348A2-8085-49C6-92C0-710154A90179}.Debug|Any CPU.ActiveCfg = Debug|Any CPU
		{BDA348A2-8085-49C6-92C0-710154A90179}.Debug|Any CPU.Build.0 = Debug|Any CPU
		{BDA348A2-8085-49C6-92C0-710154A90179}.Release|Any CPU.ActiveCfg = Release|Any CPU
		{BDA348A2-8085-49C6-92C0-710154A90179}.Release|Any CPU.Build.0 = Release|Any CPU
		{5C0D4B0A-4A41-45A1-8631-33B117C14112}.Debug|Any CPU.ActiveCfg = Debug|Any CPU
		{5C0D4B0A-4A41-45A1-8631-33B117C14112}.Debug|Any CPU.Build.0 = Debug|Any CPU
		{5C0D4B0A-4A41-45A1-8631-33B117C14112}.Release|Any CPU.ActiveCfg = Release|Any CPU
		{5C0D4B0A-4A41-45A1-8631-33B117C14112}.Release|Any CPU.Build.0 = Release|Any CPU
		{0EE6E3CA-D2E3-4F27-8B90-891EC48118FF}.Debug|Any CPU.ActiveCfg = Debug|Any CPU
		{0EE6E3CA-D2E3-4F27-8B90-891EC48118FF}.Debug|Any CPU.Build.0 = Debug|Any CPU
		{0EE6E3CA-D2E3-4F27-8B90-891EC48118FF}.Release|Any CPU.ActiveCfg = Release|Any CPU
		{0EE6E3CA-D2E3-4F27-8B90-891EC48118FF}.Release|Any CPU.Build.0 = Release|Any CPU
		{D7259F49-8AFC-4BAD-8FAB-735CE2C4C282}.Debug|Any CPU.ActiveCfg = Debug|Any CPU
		{D7259F49-8AFC-4BAD-8FAB-735CE2C4C282}.Debug|Any CPU.Build.0 = Debug|Any CPU
		{D7259F49-8AFC-4BAD-8FAB-735CE2C4C282}.Release|Any CPU.ActiveCfg = Release|Any CPU
		{D7259F49-8AFC-4BAD-8FAB-735CE2C4C282}.Release|Any CPU.Build.0 = Release|Any CPU
		{31A60C66-98DB-4643-A11A-235D73E4CD49}.Debug|Any CPU.ActiveCfg = Debug|Any CPU
		{31A60C66-98DB-4643-A11A-235D73E4CD49}.Debug|Any CPU.Build.0 = Debug|Any CPU
		{31A60C66-98DB-4643-A11A-235D73E4CD49}.Release|Any CPU.ActiveCfg = Release|Any CPU
		{31A60C66-98DB-4643-A11A-235D73E4CD49}.Release|Any CPU.Build.0 = Release|Any CPU
		{C29AD48E-22C5-40BE-A7F1-749E981DCFD1}.Debug|Any CPU.ActiveCfg = Debug|Any CPU
		{C29AD48E-22C5-40BE-A7F1-749E981DCFD1}.Debug|Any CPU.Build.0 = Debug|Any CPU
		{C29AD48E-22C5-40BE-A7F1-749E981DCFD1}.Release|Any CPU.ActiveCfg = Release|Any CPU
		{C29AD48E-22C5-40BE-A7F1-749E981DCFD1}.Release|Any CPU.Build.0 = Release|Any CPU
		{315EE9C0-48C2-4787-9A7E-EC570C4492B3}.Debug|Any CPU.ActiveCfg = Debug|Any CPU
		{315EE9C0-48C2-4787-9A7E-EC570C4492B3}.Debug|Any CPU.Build.0 = Debug|Any CPU
		{315EE9C0-48C2-4787-9A7E-EC570C4492B3}.Release|Any CPU.ActiveCfg = Release|Any CPU
		{315EE9C0-48C2-4787-9A7E-EC570C4492B3}.Release|Any CPU.Build.0 = Release|Any CPU
	EndGlobalSection
	GlobalSection(SolutionProperties) = preSolution
		HideSolutionNode = FALSE
	EndGlobalSection
	GlobalSection(ExtensibilityGlobals) = postSolution
		SolutionGuid = {8857D4ED-F503-43B1-8A45-BAD69EB880AE}
	EndGlobalSection
EndGlobal
