
Microsoft Visual Studio Solution File, Format Version 12.00
# Visual Studio Version 17
VisualStudioVersion = 17.6.33723.286
MinimumVisualStudioVersion = 10.0.40219.1
Project("{FAE04EC0-301F-11D3-BF4B-00C04F79EFBC}") = "01. Activation Keys", "01. Activation Keys\01. Activation Keys.csproj", "{371E5361-31A8-4ED0-9233-E51291AE6B74}"
EndProject
Project("{FAE04EC0-301F-11D3-BF4B-00C04F79EFBC}") = "02. Emoji Detector", "02. Emoji Detector\02. Emoji Detector.csproj", "{7AF033C6-CD4A-43F0-8FF6-F524E79B5BFB}"
EndProject
Project("{FAE04EC0-301F-11D3-BF4B-00C04F79EFBC}") = "03.P!rates", "03.P!rates\03.P!rates.csproj", "{C2792168-F133-44C1-B16D-1BA4FF4B7341}"
EndProject
Global
	GlobalSection(SolutionConfigurationPlatforms) = preSolution
		Debug|Any CPU = Debug|Any CPU
		Release|Any CPU = Release|Any CPU
	EndGlobalSection
	GlobalSection(ProjectConfigurationPlatforms) = postSolution
		{371E5361-31A8-4ED0-9233-E51291AE6B74}.Debug|Any CPU.ActiveCfg = Debug|Any CPU
		{371E5361-31A8-4ED0-9233-E51291AE6B74}.Debug|Any CPU.Build.0 = Debug|Any CPU
		{371E5361-31A8-4ED0-9233-E51291AE6B74}.Release|Any CPU.ActiveCfg = Release|Any CPU
		{371E5361-31A8-4ED0-9233-E51291AE6B74}.Release|Any CPU.Build.0 = Release|Any CPU
		{7AF033C6-CD4A-43F0-8FF6-F524E79B5BFB}.Debug|Any CPU.ActiveCfg = Debug|Any CPU
		{7AF033C6-CD4A-43F0-8FF6-F524E79B5BFB}.Debug|Any CPU.Build.0 = Debug|Any CPU
		{7AF033C6-CD4A-43F0-8FF6-F524E79B5BFB}.Release|Any CPU.ActiveCfg = Release|Any CPU
		{7AF033C6-CD4A-43F0-8FF6-F524E79B5BFB}.Release|Any CPU.Build.0 = Release|Any CPU
		{C2792168-F133-44C1-B16D-1BA4FF4B7341}.Debug|Any CPU.ActiveCfg = Debug|Any CPU
		{C2792168-F133-44C1-B16D-1BA4FF4B7341}.Debug|Any CPU.Build.0 = Debug|Any CPU
		{C2792168-F133-44C1-B16D-1BA4FF4B7341}.Release|Any CPU.ActiveCfg = Release|Any CPU
		{C2792168-F133-44C1-B16D-1BA4FF4B7341}.Release|Any CPU.Build.0 = Release|Any CPU
	EndGlobalSection
	GlobalSection(SolutionProperties) = preSolution
		HideSolutionNode = FALSE
	EndGlobalSection
	GlobalSection(ExtensibilityGlobals) = postSolution
		SolutionGuid = {1495597C-76DF-433E-8E61-8F2A0AD2382A}
	EndGlobalSection
EndGlobal
