
Microsoft Visual Studio Solution File, Format Version 12.00
# Visual Studio Version 17
VisualStudioVersion = 17.6.33723.286
MinimumVisualStudioVersion = 10.0.40219.1
Project("{9A19103F-16F7-4668-BE54-9A1E7A4F7556}") = "01. Train", "01. Train\01. Train.csproj", "{1C50A87D-9596-458D-BA9F-6FB29CF78A11}"
EndProject
Project("{9A19103F-16F7-4668-BE54-9A1E7A4F7556}") = "demo", "demo\demo.csproj", "{C1137B71-9F60-448B-938F-82B518A1BB71}"
EndProject
Project("{9A19103F-16F7-4668-BE54-9A1E7A4F7556}") = "02. Change List", "02. Change List\02. Change List.csproj", "{5F45192E-3574-43D2-8B04-7DA318396716}"
EndProject
Project("{9A19103F-16F7-4668-BE54-9A1E7A4F7556}") = "03. House Party", "03. House Party\03. House Party.csproj", "{067E84E4-5008-4BF4-BAD9-1AB47D4E65AF}"
EndProject
Project("{9A19103F-16F7-4668-BE54-9A1E7A4F7556}") = "04. List Operations", "04. List Operations\04. List Operations.csproj", "{45C394DC-FE4B-4243-B39E-C0A3211CCC0D}"
EndProject
Project("{9A19103F-16F7-4668-BE54-9A1E7A4F7556}") = "05. Bomb Numbers", "05. Bomb Numbers\05. Bomb Numbers.csproj", "{35A98C7E-00F9-4F11-9771-9672F3DA8FCD}"
EndProject
Project("{9A19103F-16F7-4668-BE54-9A1E7A4F7556}") = "10. SoftUni Course Planning", "10. SoftUni Course Planning\10. SoftUni Course Planning.csproj", "{F66BFE88-8C8B-4A2A-9313-8AABC130F47A}"
EndProject
Project("{9A19103F-16F7-4668-BE54-9A1E7A4F7556}") = "06. Cards Game", "06. Cards Game\06. Cards Game.csproj", "{DFD8D62B-3F40-4675-9AD2-D9F670F2D8E9}"
EndProject
Project("{FAE04EC0-301F-11D3-BF4B-00C04F79EFBC}") = "07. Append Arrays", "07. Append Arrays\07. Append Arrays.csproj", "{FF572EF0-02EE-4FD9-8EDA-78A83EB911ED}"
EndProject
Project("{FAE04EC0-301F-11D3-BF4B-00C04F79EFBC}") = "08. Anonymous Threat", "08. Anonymous Threat\08. Anonymous Threat.csproj", "{7BC21E50-8446-4D8E-99E5-13367BFB3373}"
EndProject
Project("{FAE04EC0-301F-11D3-BF4B-00C04F79EFBC}") = "09. Pokemon Don't Go", "09. Pokemon Don't Go\09. Pokemon Don't Go.csproj", "{56C5D3C3-5EB6-4290-82E4-85F21C6F7E84}"
EndProject
Global
	GlobalSection(SolutionConfigurationPlatforms) = preSolution
		Debug|Any CPU = Debug|Any CPU
		Release|Any CPU = Release|Any CPU
	EndGlobalSection
	GlobalSection(ProjectConfigurationPlatforms) = postSolution
		{1C50A87D-9596-458D-BA9F-6FB29CF78A11}.Debug|Any CPU.ActiveCfg = Debug|Any CPU
		{1C50A87D-9596-458D-BA9F-6FB29CF78A11}.Debug|Any CPU.Build.0 = Debug|Any CPU
		{1C50A87D-9596-458D-BA9F-6FB29CF78A11}.Release|Any CPU.ActiveCfg = Release|Any CPU
		{1C50A87D-9596-458D-BA9F-6FB29CF78A11}.Release|Any CPU.Build.0 = Release|Any CPU
		{C1137B71-9F60-448B-938F-82B518A1BB71}.Debug|Any CPU.ActiveCfg = Debug|Any CPU
		{C1137B71-9F60-448B-938F-82B518A1BB71}.Debug|Any CPU.Build.0 = Debug|Any CPU
		{C1137B71-9F60-448B-938F-82B518A1BB71}.Release|Any CPU.ActiveCfg = Release|Any CPU
		{C1137B71-9F60-448B-938F-82B518A1BB71}.Release|Any CPU.Build.0 = Release|Any CPU
		{5F45192E-3574-43D2-8B04-7DA318396716}.Debug|Any CPU.ActiveCfg = Debug|Any CPU
		{5F45192E-3574-43D2-8B04-7DA318396716}.Debug|Any CPU.Build.0 = Debug|Any CPU
		{5F45192E-3574-43D2-8B04-7DA318396716}.Release|Any CPU.ActiveCfg = Release|Any CPU
		{5F45192E-3574-43D2-8B04-7DA318396716}.Release|Any CPU.Build.0 = Release|Any CPU
		{067E84E4-5008-4BF4-BAD9-1AB47D4E65AF}.Debug|Any CPU.ActiveCfg = Debug|Any CPU
		{067E84E4-5008-4BF4-BAD9-1AB47D4E65AF}.Debug|Any CPU.Build.0 = Debug|Any CPU
		{067E84E4-5008-4BF4-BAD9-1AB47D4E65AF}.Release|Any CPU.ActiveCfg = Release|Any CPU
		{067E84E4-5008-4BF4-BAD9-1AB47D4E65AF}.Release|Any CPU.Build.0 = Release|Any CPU
		{45C394DC-FE4B-4243-B39E-C0A3211CCC0D}.Debug|Any CPU.ActiveCfg = Debug|Any CPU
		{45C394DC-FE4B-4243-B39E-C0A3211CCC0D}.Debug|Any CPU.Build.0 = Debug|Any CPU
		{45C394DC-FE4B-4243-B39E-C0A3211CCC0D}.Release|Any CPU.ActiveCfg = Release|Any CPU
		{45C394DC-FE4B-4243-B39E-C0A3211CCC0D}.Release|Any CPU.Build.0 = Release|Any CPU
		{35A98C7E-00F9-4F11-9771-9672F3DA8FCD}.Debug|Any CPU.ActiveCfg = Debug|Any CPU
		{35A98C7E-00F9-4F11-9771-9672F3DA8FCD}.Debug|Any CPU.Build.0 = Debug|Any CPU
		{35A98C7E-00F9-4F11-9771-9672F3DA8FCD}.Release|Any CPU.ActiveCfg = Release|Any CPU
		{35A98C7E-00F9-4F11-9771-9672F3DA8FCD}.Release|Any CPU.Build.0 = Release|Any CPU
		{F66BFE88-8C8B-4A2A-9313-8AABC130F47A}.Debug|Any CPU.ActiveCfg = Debug|Any CPU
		{F66BFE88-8C8B-4A2A-9313-8AABC130F47A}.Debug|Any CPU.Build.0 = Debug|Any CPU
		{F66BFE88-8C8B-4A2A-9313-8AABC130F47A}.Release|Any CPU.ActiveCfg = Release|Any CPU
		{F66BFE88-8C8B-4A2A-9313-8AABC130F47A}.Release|Any CPU.Build.0 = Release|Any CPU
		{DFD8D62B-3F40-4675-9AD2-D9F670F2D8E9}.Debug|Any CPU.ActiveCfg = Debug|Any CPU
		{DFD8D62B-3F40-4675-9AD2-D9F670F2D8E9}.Debug|Any CPU.Build.0 = Debug|Any CPU
		{DFD8D62B-3F40-4675-9AD2-D9F670F2D8E9}.Release|Any CPU.ActiveCfg = Release|Any CPU
		{DFD8D62B-3F40-4675-9AD2-D9F670F2D8E9}.Release|Any CPU.Build.0 = Release|Any CPU
		{FF572EF0-02EE-4FD9-8EDA-78A83EB911ED}.Debug|Any CPU.ActiveCfg = Debug|Any CPU
		{FF572EF0-02EE-4FD9-8EDA-78A83EB911ED}.Debug|Any CPU.Build.0 = Debug|Any CPU
		{FF572EF0-02EE-4FD9-8EDA-78A83EB911ED}.Release|Any CPU.ActiveCfg = Release|Any CPU
		{FF572EF0-02EE-4FD9-8EDA-78A83EB911ED}.Release|Any CPU.Build.0 = Release|Any CPU
		{7BC21E50-8446-4D8E-99E5-13367BFB3373}.Debug|Any CPU.ActiveCfg = Debug|Any CPU
		{7BC21E50-8446-4D8E-99E5-13367BFB3373}.Debug|Any CPU.Build.0 = Debug|Any CPU
		{7BC21E50-8446-4D8E-99E5-13367BFB3373}.Release|Any CPU.ActiveCfg = Release|Any CPU
		{7BC21E50-8446-4D8E-99E5-13367BFB3373}.Release|Any CPU.Build.0 = Release|Any CPU
		{56C5D3C3-5EB6-4290-82E4-85F21C6F7E84}.Debug|Any CPU.ActiveCfg = Debug|Any CPU
		{56C5D3C3-5EB6-4290-82E4-85F21C6F7E84}.Debug|Any CPU.Build.0 = Debug|Any CPU
		{56C5D3C3-5EB6-4290-82E4-85F21C6F7E84}.Release|Any CPU.ActiveCfg = Release|Any CPU
		{56C5D3C3-5EB6-4290-82E4-85F21C6F7E84}.Release|Any CPU.Build.0 = Release|Any CPU
	EndGlobalSection
	GlobalSection(SolutionProperties) = preSolution
		HideSolutionNode = FALSE
	EndGlobalSection
	GlobalSection(ExtensibilityGlobals) = postSolution
		SolutionGuid = {B8FB9691-4BA8-4373-81C2-85C6D0AEE6AA}
	EndGlobalSection
EndGlobal
