
Microsoft Visual Studio Solution File, Format Version 12.00
# Visual Studio Version 17
VisualStudioVersion = 17.4.33213.308
MinimumVisualStudioVersion = 10.0.40219.1
Project("{FAE04EC0-301F-11D3-BF4B-00C04F79EFBC}") = "01. Data Type Finder", "01. Data Type Finder\01. Data Type Finder.csproj", "{6F4CB8D3-114C-49FA-9E44-52138ADD4B9E}"
EndProject
Project("{FAE04EC0-301F-11D3-BF4B-00C04F79EFBC}") = "demo", "demo\demo.csproj", "{6B286DA6-7F6E-4F08-AB59-893204368B38}"
EndProject
Global
	GlobalSection(SolutionConfigurationPlatforms) = preSolution
		Debug|Any CPU = Debug|Any CPU
		Release|Any CPU = Release|Any CPU
	EndGlobalSection
	GlobalSection(ProjectConfigurationPlatforms) = postSolution
		{6F4CB8D3-114C-49FA-9E44-52138ADD4B9E}.Debug|Any CPU.ActiveCfg = Debug|Any CPU
		{6F4CB8D3-114C-49FA-9E44-52138ADD4B9E}.Debug|Any CPU.Build.0 = Debug|Any CPU
		{6F4CB8D3-114C-49FA-9E44-52138ADD4B9E}.Release|Any CPU.ActiveCfg = Release|Any CPU
		{6F4CB8D3-114C-49FA-9E44-52138ADD4B9E}.Release|Any CPU.Build.0 = Release|Any CPU
		{6B286DA6-7F6E-4F08-AB59-893204368B38}.Debug|Any CPU.ActiveCfg = Debug|Any CPU
		{6B286DA6-7F6E-4F08-AB59-893204368B38}.Debug|Any CPU.Build.0 = Debug|Any CPU
		{6B286DA6-7F6E-4F08-AB59-893204368B38}.Release|Any CPU.ActiveCfg = Release|Any CPU
		{6B286DA6-7F6E-4F08-AB59-893204368B38}.Release|Any CPU.Build.0 = Release|Any CPU
	EndGlobalSection
	GlobalSection(SolutionProperties) = preSolution
		HideSolutionNode = FALSE
	EndGlobalSection
	GlobalSection(ExtensibilityGlobals) = postSolution
		SolutionGuid = {8FD6656F-CFBA-4D92-BCEC-2615D81A6641}
	EndGlobalSection
EndGlobal
