
Microsoft Visual Studio Solution File, Format Version 12.00
# Visual Studio Version 17
VisualStudioVersion = 17.6.33723.286
MinimumVisualStudioVersion = 10.0.40219.1
Project("{9A19103F-16F7-4668-BE54-9A1E7A4F7556}") = "01.Reverse Strings", "01.Reverse Strings\01.Reverse Strings.csproj", "{C55F8E73-513B-49D4-8015-E11FA4CCBA96}"
EndProject
Project("{9A19103F-16F7-4668-BE54-9A1E7A4F7556}") = "02. Repeat Strings", "02. Repeat Strings\02. Repeat Strings.csproj", "{0F8704F2-B9DA-40FA-8C2E-70E3DF2A625C}"
EndProject
Project("{9A19103F-16F7-4668-BE54-9A1E7A4F7556}") = "03. Substring", "03. Substring\03. Substring.csproj", "{48359437-8772-4CC1-862A-620E79D6E46E}"
EndProject
Project("{9A19103F-16F7-4668-BE54-9A1E7A4F7556}") = "04. Text Filter", "04. Text Filter\04. Text Filter.csproj", "{A6B4CE81-1A9F-457C-A322-BE5614904A6C}"
EndProject
Project("{FAE04EC0-301F-11D3-BF4B-00C04F79EFBC}") = "05. Digits, Letters and Other", "05. Digits, Letters and Other\05. Digits, Letters and Other.csproj", "{E15E14EF-A5B6-46C1-B6BA-9D07C52E8AFB}"
EndProject
Global
	GlobalSection(SolutionConfigurationPlatforms) = preSolution
		Debug|Any CPU = Debug|Any CPU
		Release|Any CPU = Release|Any CPU
	EndGlobalSection
	GlobalSection(ProjectConfigurationPlatforms) = postSolution
		{C55F8E73-513B-49D4-8015-E11FA4CCBA96}.Debug|Any CPU.ActiveCfg = Debug|Any CPU
		{C55F8E73-513B-49D4-8015-E11FA4CCBA96}.Debug|Any CPU.Build.0 = Debug|Any CPU
		{C55F8E73-513B-49D4-8015-E11FA4CCBA96}.Release|Any CPU.ActiveCfg = Release|Any CPU
		{C55F8E73-513B-49D4-8015-E11FA4CCBA96}.Release|Any CPU.Build.0 = Release|Any CPU
		{0F8704F2-B9DA-40FA-8C2E-70E3DF2A625C}.Debug|Any CPU.ActiveCfg = Debug|Any CPU
		{0F8704F2-B9DA-40FA-8C2E-70E3DF2A625C}.Debug|Any CPU.Build.0 = Debug|Any CPU
		{0F8704F2-B9DA-40FA-8C2E-70E3DF2A625C}.Release|Any CPU.ActiveCfg = Release|Any CPU
		{0F8704F2-B9DA-40FA-8C2E-70E3DF2A625C}.Release|Any CPU.Build.0 = Release|Any CPU
		{48359437-8772-4CC1-862A-620E79D6E46E}.Debug|Any CPU.ActiveCfg = Debug|Any CPU
		{48359437-8772-4CC1-862A-620E79D6E46E}.Debug|Any CPU.Build.0 = Debug|Any CPU
		{48359437-8772-4CC1-862A-620E79D6E46E}.Release|Any CPU.ActiveCfg = Release|Any CPU
		{48359437-8772-4CC1-862A-620E79D6E46E}.Release|Any CPU.Build.0 = Release|Any CPU
		{A6B4CE81-1A9F-457C-A322-BE5614904A6C}.Debug|Any CPU.ActiveCfg = Debug|Any CPU
		{A6B4CE81-1A9F-457C-A322-BE5614904A6C}.Debug|Any CPU.Build.0 = Debug|Any CPU
		{A6B4CE81-1A9F-457C-A322-BE5614904A6C}.Release|Any CPU.ActiveCfg = Release|Any CPU
		{A6B4CE81-1A9F-457C-A322-BE5614904A6C}.Release|Any CPU.Build.0 = Release|Any CPU
		{E15E14EF-A5B6-46C1-B6BA-9D07C52E8AFB}.Debug|Any CPU.ActiveCfg = Debug|Any CPU
		{E15E14EF-A5B6-46C1-B6BA-9D07C52E8AFB}.Debug|Any CPU.Build.0 = Debug|Any CPU
		{E15E14EF-A5B6-46C1-B6BA-9D07C52E8AFB}.Release|Any CPU.ActiveCfg = Release|Any CPU
		{E15E14EF-A5B6-46C1-B6BA-9D07C52E8AFB}.Release|Any CPU.Build.0 = Release|Any CPU
	EndGlobalSection
	GlobalSection(SolutionProperties) = preSolution
		HideSolutionNode = FALSE
	EndGlobalSection
	GlobalSection(ExtensibilityGlobals) = postSolution
		SolutionGuid = {F8570199-681A-4FA9-B3C9-323C6E8189B5}
	EndGlobalSection
EndGlobal
