
Microsoft Visual Studio Solution File, Format Version 12.00
# Visual Studio Version 17
VisualStudioVersion = 17.6.33723.286
MinimumVisualStudioVersion = 10.0.40219.1
Project("{FAE04EC0-301F-11D3-BF4B-00C04F79EFBC}") = "01. Sort Numbers", "01. Sort Numbers\01. Sort Numbers.csproj", "{5991E4E7-08E9-4184-9F32-0FDAC93C408E}"
EndProject
Project("{FAE04EC0-301F-11D3-BF4B-00C04F79EFBC}") = "02. English Name of the Last Digit", "02. English Name of the Last Digit\02. English Name of the Last Digit.csproj", "{646D146A-E64C-4D11-98DC-547FB6C459ED}"
EndProject
Project("{FAE04EC0-301F-11D3-BF4B-00C04F79EFBC}") = "03. Gaming Store", "03. Gaming Store\03. Gaming Store.csproj", "{48347956-0D74-4981-B3E1-E09FDE012B53}"
EndProject
Project("{FAE04EC0-301F-11D3-BF4B-00C04F79EFBC}") = "04. Reverse String", "04. Reverse String\04. Reverse String.csproj", "{7B9BAD57-4301-42BD-BBA4-C68EFDF17132}"
EndProject
Project("{FAE04EC0-301F-11D3-BF4B-00C04F79EFBC}") = "05. Messages", "05. Messages\05. Messages.csproj", "{B45186DF-79B8-4A88-9B6F-64AC6C689C23}"
EndProject
Global
	GlobalSection(SolutionConfigurationPlatforms) = preSolution
		Debug|Any CPU = Debug|Any CPU
		Release|Any CPU = Release|Any CPU
	EndGlobalSection
	GlobalSection(ProjectConfigurationPlatforms) = postSolution
		{5991E4E7-08E9-4184-9F32-0FDAC93C408E}.Debug|Any CPU.ActiveCfg = Debug|Any CPU
		{5991E4E7-08E9-4184-9F32-0FDAC93C408E}.Debug|Any CPU.Build.0 = Debug|Any CPU
		{5991E4E7-08E9-4184-9F32-0FDAC93C408E}.Release|Any CPU.ActiveCfg = Release|Any CPU
		{5991E4E7-08E9-4184-9F32-0FDAC93C408E}.Release|Any CPU.Build.0 = Release|Any CPU
		{646D146A-E64C-4D11-98DC-547FB6C459ED}.Debug|Any CPU.ActiveCfg = Debug|Any CPU
		{646D146A-E64C-4D11-98DC-547FB6C459ED}.Debug|Any CPU.Build.0 = Debug|Any CPU
		{646D146A-E64C-4D11-98DC-547FB6C459ED}.Release|Any CPU.ActiveCfg = Release|Any CPU
		{646D146A-E64C-4D11-98DC-547FB6C459ED}.Release|Any CPU.Build.0 = Release|Any CPU
		{48347956-0D74-4981-B3E1-E09FDE012B53}.Debug|Any CPU.ActiveCfg = Debug|Any CPU
		{48347956-0D74-4981-B3E1-E09FDE012B53}.Debug|Any CPU.Build.0 = Debug|Any CPU
		{48347956-0D74-4981-B3E1-E09FDE012B53}.Release|Any CPU.ActiveCfg = Release|Any CPU
		{48347956-0D74-4981-B3E1-E09FDE012B53}.Release|Any CPU.Build.0 = Release|Any CPU
		{7B9BAD57-4301-42BD-BBA4-C68EFDF17132}.Debug|Any CPU.ActiveCfg = Debug|Any CPU
		{7B9BAD57-4301-42BD-BBA4-C68EFDF17132}.Debug|Any CPU.Build.0 = Debug|Any CPU
		{7B9BAD57-4301-42BD-BBA4-C68EFDF17132}.Release|Any CPU.ActiveCfg = Release|Any CPU
		{7B9BAD57-4301-42BD-BBA4-C68EFDF17132}.Release|Any CPU.Build.0 = Release|Any CPU
		{B45186DF-79B8-4A88-9B6F-64AC6C689C23}.Debug|Any CPU.ActiveCfg = Debug|Any CPU
		{B45186DF-79B8-4A88-9B6F-64AC6C689C23}.Debug|Any CPU.Build.0 = Debug|Any CPU
		{B45186DF-79B8-4A88-9B6F-64AC6C689C23}.Release|Any CPU.ActiveCfg = Release|Any CPU
		{B45186DF-79B8-4A88-9B6F-64AC6C689C23}.Release|Any CPU.Build.0 = Release|Any CPU
	EndGlobalSection
	GlobalSection(SolutionProperties) = preSolution
		HideSolutionNode = FALSE
	EndGlobalSection
	GlobalSection(ExtensibilityGlobals) = postSolution
		SolutionGuid = {E460CDBE-8420-49A2-A700-D18EB54D8FFD}
	EndGlobalSection
EndGlobal
