
Microsoft Visual Studio Solution File, Format Version 12.00
# Visual Studio Version 17
VisualStudioVersion = 17.6.33723.286
MinimumVisualStudioVersion = 10.0.40219.1
Project("{9A19103F-16F7-4668-BE54-9A1E7A4F7556}") = "01. Sum Adjacent Equal Numbers", "01. Sum Adjacent Equal Numbers\01. Sum Adjacent Equal Numbers.csproj", "{580D8832-B5E9-44ED-A692-BD403033B15C}"
EndProject
Project("{9A19103F-16F7-4668-BE54-9A1E7A4F7556}") = "02. Gauss' Trick", "02. Gauss' Trick\02. Gauss' Trick.csproj", "{956CB3A1-A59E-4173-AE38-4CF963AFA2A1}"
EndProject
Project("{9A19103F-16F7-4668-BE54-9A1E7A4F7556}") = "03. Merging Lists", "03. Merging Lists\03. Merging Lists.csproj", "{93338AF2-B009-4CE7-82B3-086C03CE5277}"
EndProject
Project("{9A19103F-16F7-4668-BE54-9A1E7A4F7556}") = "demo", "demo\demo.csproj", "{43EB32CE-CF35-4BF7-9A04-99518A043613}"
EndProject
Project("{FAE04EC0-301F-11D3-BF4B-00C04F79EFBC}") = "04. List of Products", "04. List of Products\04. List of Products.csproj", "{33AD0886-AF60-40BA-99A7-6E2134646802}"
EndProject
Project("{FAE04EC0-301F-11D3-BF4B-00C04F79EFBC}") = "05. Remove Negatives and Reverse", "05. Remove Negatives and Reverse\05. Remove Negatives and Reverse.csproj", "{49DE9B1B-99F8-4C90-8157-A70E8631CBE3}"
EndProject
Project("{FAE04EC0-301F-11D3-BF4B-00C04F79EFBC}") = "06. List Manipulation Basics", "06. List Manipulation Basics\06. List Manipulation Basics.csproj", "{E1E6BA7B-895C-4D0C-B2C4-8E848DFC10B6}"
EndProject
Project("{FAE04EC0-301F-11D3-BF4B-00C04F79EFBC}") = "07. List Manipulation Advanced", "07. List Manipulation Advanced\07. List Manipulation Advanced.csproj", "{C9663396-6F59-41B2-9DDD-D532F1C22D18}"
EndProject
Global
	GlobalSection(SolutionConfigurationPlatforms) = preSolution
		Debug|Any CPU = Debug|Any CPU
		Release|Any CPU = Release|Any CPU
	EndGlobalSection
	GlobalSection(ProjectConfigurationPlatforms) = postSolution
		{580D8832-B5E9-44ED-A692-BD403033B15C}.Debug|Any CPU.ActiveCfg = Debug|Any CPU
		{580D8832-B5E9-44ED-A692-BD403033B15C}.Debug|Any CPU.Build.0 = Debug|Any CPU
		{580D8832-B5E9-44ED-A692-BD403033B15C}.Release|Any CPU.ActiveCfg = Release|Any CPU
		{580D8832-B5E9-44ED-A692-BD403033B15C}.Release|Any CPU.Build.0 = Release|Any CPU
		{956CB3A1-A59E-4173-AE38-4CF963AFA2A1}.Debug|Any CPU.ActiveCfg = Debug|Any CPU
		{956CB3A1-A59E-4173-AE38-4CF963AFA2A1}.Debug|Any CPU.Build.0 = Debug|Any CPU
		{956CB3A1-A59E-4173-AE38-4CF963AFA2A1}.Release|Any CPU.ActiveCfg = Release|Any CPU
		{956CB3A1-A59E-4173-AE38-4CF963AFA2A1}.Release|Any CPU.Build.0 = Release|Any CPU
		{93338AF2-B009-4CE7-82B3-086C03CE5277}.Debug|Any CPU.ActiveCfg = Debug|Any CPU
		{93338AF2-B009-4CE7-82B3-086C03CE5277}.Debug|Any CPU.Build.0 = Debug|Any CPU
		{93338AF2-B009-4CE7-82B3-086C03CE5277}.Release|Any CPU.ActiveCfg = Release|Any CPU
		{93338AF2-B009-4CE7-82B3-086C03CE5277}.Release|Any CPU.Build.0 = Release|Any CPU
		{43EB32CE-CF35-4BF7-9A04-99518A043613}.Debug|Any CPU.ActiveCfg = Debug|Any CPU
		{43EB32CE-CF35-4BF7-9A04-99518A043613}.Debug|Any CPU.Build.0 = Debug|Any CPU
		{43EB32CE-CF35-4BF7-9A04-99518A043613}.Release|Any CPU.ActiveCfg = Release|Any CPU
		{43EB32CE-CF35-4BF7-9A04-99518A043613}.Release|Any CPU.Build.0 = Release|Any CPU
		{33AD0886-AF60-40BA-99A7-6E2134646802}.Debug|Any CPU.ActiveCfg = Debug|Any CPU
		{33AD0886-AF60-40BA-99A7-6E2134646802}.Debug|Any CPU.Build.0 = Debug|Any CPU
		{33AD0886-AF60-40BA-99A7-6E2134646802}.Release|Any CPU.ActiveCfg = Release|Any CPU
		{33AD0886-AF60-40BA-99A7-6E2134646802}.Release|Any CPU.Build.0 = Release|Any CPU
		{49DE9B1B-99F8-4C90-8157-A70E8631CBE3}.Debug|Any CPU.ActiveCfg = Debug|Any CPU
		{49DE9B1B-99F8-4C90-8157-A70E8631CBE3}.Debug|Any CPU.Build.0 = Debug|Any CPU
		{49DE9B1B-99F8-4C90-8157-A70E8631CBE3}.Release|Any CPU.ActiveCfg = Release|Any CPU
		{49DE9B1B-99F8-4C90-8157-A70E8631CBE3}.Release|Any CPU.Build.0 = Release|Any CPU
		{E1E6BA7B-895C-4D0C-B2C4-8E848DFC10B6}.Debug|Any CPU.ActiveCfg = Debug|Any CPU
		{E1E6BA7B-895C-4D0C-B2C4-8E848DFC10B6}.Debug|Any CPU.Build.0 = Debug|Any CPU
		{E1E6BA7B-895C-4D0C-B2C4-8E848DFC10B6}.Release|Any CPU.ActiveCfg = Release|Any CPU
		{E1E6BA7B-895C-4D0C-B2C4-8E848DFC10B6}.Release|Any CPU.Build.0 = Release|Any CPU
		{C9663396-6F59-41B2-9DDD-D532F1C22D18}.Debug|Any CPU.ActiveCfg = Debug|Any CPU
		{C9663396-6F59-41B2-9DDD-D532F1C22D18}.Debug|Any CPU.Build.0 = Debug|Any CPU
		{C9663396-6F59-41B2-9DDD-D532F1C22D18}.Release|Any CPU.ActiveCfg = Release|Any CPU
		{C9663396-6F59-41B2-9DDD-D532F1C22D18}.Release|Any CPU.Build.0 = Release|Any CPU
	EndGlobalSection
	GlobalSection(SolutionProperties) = preSolution
		HideSolutionNode = FALSE
	EndGlobalSection
	GlobalSection(ExtensibilityGlobals) = postSolution
		SolutionGuid = {94264475-0009-4E93-8CF2-66B746964399}
	EndGlobalSection
EndGlobal
