
Microsoft Visual Studio Solution File, Format Version 12.00
# Visual Studio Version 17
VisualStudioVersion = 17.4.33213.308
MinimumVisualStudioVersion = 10.0.40219.1
Project("{9A19103F-16F7-4668-BE54-9A1E7A4F7556}") = "01. Ages", "01. Ages\01. Ages.csproj", "{D571D18E-4650-447D-9668-819D07A6535C}"
EndProject
Project("{9A19103F-16F7-4668-BE54-9A1E7A4F7556}") = "02. Division", "02. Division\02. Division.csproj", "{F5C3A289-AC25-41AC-97AF-CC284FC86DEB}"
EndProject
Project("{9A19103F-16F7-4668-BE54-9A1E7A4F7556}") = "03. Vacation", "03. Vacation\03. Vacation.csproj", "{786088F3-3EB4-4406-BC5B-CEC935E33786}"
EndProject
Project("{9A19103F-16F7-4668-BE54-9A1E7A4F7556}") = "11. Orders", "11. Orders\11. Orders.csproj", "{9FB3B511-05AE-448D-A4D5-8EAA9B6442D6}"
EndProject
Project("{9A19103F-16F7-4668-BE54-9A1E7A4F7556}") = "04. PrintAndSum", "04. PrintAndSum\04. PrintAndSum.csproj", "{70FDE316-3FE3-427D-B7FF-775789A62683}"
EndProject
Project("{9A19103F-16F7-4668-BE54-9A1E7A4F7556}") = "05. Login", "05. Login\05. Login.csproj", "{8347DA10-2207-4209-A000-67702884F9C5}"
EndProject
Project("{9A19103F-16F7-4668-BE54-9A1E7A4F7556}") = "06. StrongNum", "06. StrongNum\06. StrongNum.csproj", "{2C41FEB8-D9A2-40A5-8837-AE45576F74CA}"
EndProject
Project("{9A19103F-16F7-4668-BE54-9A1E7A4F7556}") = "07. VendMachin", "07. VendMachin\07. VendMachin.csproj", "{1E929A4B-9804-48A5-9A94-5F218A063A85}"
EndProject
Project("{9A19103F-16F7-4668-BE54-9A1E7A4F7556}") = "08. TriangNum", "08. TriangNum\08. TriangNum.csproj", "{DEADA3AF-148A-4AA7-AAF2-F056E9311828}"
EndProject
Project("{9A19103F-16F7-4668-BE54-9A1E7A4F7556}") = "07.VendMach -Exercise", "07.VendMach\07.VendMach -Exercise.csproj", "{F974169F-CA67-46EB-B61F-B3D23C934CF5}"
EndProject
Project("{9A19103F-16F7-4668-BE54-9A1E7A4F7556}") = "09. PadawEquip", "09. PadawEquip\09. PadawEquip.csproj", "{FE736725-EB15-438C-9470-EA30F7650511}"
EndProject
Project("{9A19103F-16F7-4668-BE54-9A1E7A4F7556}") = "10.RageExpense", "10.RageExpense\10.RageExpense.csproj", "{4E7B71C6-624C-48C4-B1B0-66FD1701B2B0}"
EndProject
Project("{FAE04EC0-301F-11D3-BF4B-00C04F79EFBC}") = "09.PadawanEquip - Exercise", "09.PadawanEquip\09.PadawanEquip - Exercise.csproj", "{296E55E9-07B5-4D73-A7A2-B3C02ADDD3EF}"
EndProject
Global
	GlobalSection(SolutionConfigurationPlatforms) = preSolution
		Debug|Any CPU = Debug|Any CPU
		Release|Any CPU = Release|Any CPU
	EndGlobalSection
	GlobalSection(ProjectConfigurationPlatforms) = postSolution
		{D571D18E-4650-447D-9668-819D07A6535C}.Debug|Any CPU.ActiveCfg = Debug|Any CPU
		{D571D18E-4650-447D-9668-819D07A6535C}.Debug|Any CPU.Build.0 = Debug|Any CPU
		{D571D18E-4650-447D-9668-819D07A6535C}.Release|Any CPU.ActiveCfg = Release|Any CPU
		{D571D18E-4650-447D-9668-819D07A6535C}.Release|Any CPU.Build.0 = Release|Any CPU
		{F5C3A289-AC25-41AC-97AF-CC284FC86DEB}.Debug|Any CPU.ActiveCfg = Debug|Any CPU
		{F5C3A289-AC25-41AC-97AF-CC284FC86DEB}.Debug|Any CPU.Build.0 = Debug|Any CPU
		{F5C3A289-AC25-41AC-97AF-CC284FC86DEB}.Release|Any CPU.ActiveCfg = Release|Any CPU
		{F5C3A289-AC25-41AC-97AF-CC284FC86DEB}.Release|Any CPU.Build.0 = Release|Any CPU
		{786088F3-3EB4-4406-BC5B-CEC935E33786}.Debug|Any CPU.ActiveCfg = Debug|Any CPU
		{786088F3-3EB4-4406-BC5B-CEC935E33786}.Debug|Any CPU.Build.0 = Debug|Any CPU
		{786088F3-3EB4-4406-BC5B-CEC935E33786}.Release|Any CPU.ActiveCfg = Release|Any CPU
		{786088F3-3EB4-4406-BC5B-CEC935E33786}.Release|Any CPU.Build.0 = Release|Any CPU
		{9FB3B511-05AE-448D-A4D5-8EAA9B6442D6}.Debug|Any CPU.ActiveCfg = Debug|Any CPU
		{9FB3B511-05AE-448D-A4D5-8EAA9B6442D6}.Debug|Any CPU.Build.0 = Debug|Any CPU
		{9FB3B511-05AE-448D-A4D5-8EAA9B6442D6}.Release|Any CPU.ActiveCfg = Release|Any CPU
		{9FB3B511-05AE-448D-A4D5-8EAA9B6442D6}.Release|Any CPU.Build.0 = Release|Any CPU
		{70FDE316-3FE3-427D-B7FF-775789A62683}.Debug|Any CPU.ActiveCfg = Debug|Any CPU
		{70FDE316-3FE3-427D-B7FF-775789A62683}.Debug|Any CPU.Build.0 = Debug|Any CPU
		{70FDE316-3FE3-427D-B7FF-775789A62683}.Release|Any CPU.ActiveCfg = Release|Any CPU
		{70FDE316-3FE3-427D-B7FF-775789A62683}.Release|Any CPU.Build.0 = Release|Any CPU
		{8347DA10-2207-4209-A000-67702884F9C5}.Debug|Any CPU.ActiveCfg = Debug|Any CPU
		{8347DA10-2207-4209-A000-67702884F9C5}.Debug|Any CPU.Build.0 = Debug|Any CPU
		{8347DA10-2207-4209-A000-67702884F9C5}.Release|Any CPU.ActiveCfg = Release|Any CPU
		{8347DA10-2207-4209-A000-67702884F9C5}.Release|Any CPU.Build.0 = Release|Any CPU
		{2C41FEB8-D9A2-40A5-8837-AE45576F74CA}.Debug|Any CPU.ActiveCfg = Debug|Any CPU
		{2C41FEB8-D9A2-40A5-8837-AE45576F74CA}.Debug|Any CPU.Build.0 = Debug|Any CPU
		{2C41FEB8-D9A2-40A5-8837-AE45576F74CA}.Release|Any CPU.ActiveCfg = Release|Any CPU
		{2C41FEB8-D9A2-40A5-8837-AE45576F74CA}.Release|Any CPU.Build.0 = Release|Any CPU
		{1E929A4B-9804-48A5-9A94-5F218A063A85}.Debug|Any CPU.ActiveCfg = Debug|Any CPU
		{1E929A4B-9804-48A5-9A94-5F218A063A85}.Debug|Any CPU.Build.0 = Debug|Any CPU
		{1E929A4B-9804-48A5-9A94-5F218A063A85}.Release|Any CPU.ActiveCfg = Release|Any CPU
		{1E929A4B-9804-48A5-9A94-5F218A063A85}.Release|Any CPU.Build.0 = Release|Any CPU
		{DEADA3AF-148A-4AA7-AAF2-F056E9311828}.Debug|Any CPU.ActiveCfg = Debug|Any CPU
		{DEADA3AF-148A-4AA7-AAF2-F056E9311828}.Debug|Any CPU.Build.0 = Debug|Any CPU
		{DEADA3AF-148A-4AA7-AAF2-F056E9311828}.Release|Any CPU.ActiveCfg = Release|Any CPU
		{DEADA3AF-148A-4AA7-AAF2-F056E9311828}.Release|Any CPU.Build.0 = Release|Any CPU
		{F974169F-CA67-46EB-B61F-B3D23C934CF5}.Debug|Any CPU.ActiveCfg = Debug|Any CPU
		{F974169F-CA67-46EB-B61F-B3D23C934CF5}.Debug|Any CPU.Build.0 = Debug|Any CPU
		{F974169F-CA67-46EB-B61F-B3D23C934CF5}.Release|Any CPU.ActiveCfg = Release|Any CPU
		{F974169F-CA67-46EB-B61F-B3D23C934CF5}.Release|Any CPU.Build.0 = Release|Any CPU
		{FE736725-EB15-438C-9470-EA30F7650511}.Debug|Any CPU.ActiveCfg = Debug|Any CPU
		{FE736725-EB15-438C-9470-EA30F7650511}.Debug|Any CPU.Build.0 = Debug|Any CPU
		{FE736725-EB15-438C-9470-EA30F7650511}.Release|Any CPU.ActiveCfg = Release|Any CPU
		{FE736725-EB15-438C-9470-EA30F7650511}.Release|Any CPU.Build.0 = Release|Any CPU
		{4E7B71C6-624C-48C4-B1B0-66FD1701B2B0}.Debug|Any CPU.ActiveCfg = Debug|Any CPU
		{4E7B71C6-624C-48C4-B1B0-66FD1701B2B0}.Debug|Any CPU.Build.0 = Debug|Any CPU
		{4E7B71C6-624C-48C4-B1B0-66FD1701B2B0}.Release|Any CPU.ActiveCfg = Release|Any CPU
		{4E7B71C6-624C-48C4-B1B0-66FD1701B2B0}.Release|Any CPU.Build.0 = Release|Any CPU
		{296E55E9-07B5-4D73-A7A2-B3C02ADDD3EF}.Debug|Any CPU.ActiveCfg = Debug|Any CPU
		{296E55E9-07B5-4D73-A7A2-B3C02ADDD3EF}.Debug|Any CPU.Build.0 = Debug|Any CPU
		{296E55E9-07B5-4D73-A7A2-B3C02ADDD3EF}.Release|Any CPU.ActiveCfg = Release|Any CPU
		{296E55E9-07B5-4D73-A7A2-B3C02ADDD3EF}.Release|Any CPU.Build.0 = Release|Any CPU
	EndGlobalSection
	GlobalSection(SolutionProperties) = preSolution
		HideSolutionNode = FALSE
	EndGlobalSection
	GlobalSection(ExtensibilityGlobals) = postSolution
		SolutionGuid = {D8629FA0-3B41-42B9-81AC-EAC6374974BA}
	EndGlobalSection
EndGlobal
