
Microsoft Visual Studio Solution File, Format Version 12.00
# Visual Studio Version 17
VisualStudioVersion = 17.6.33723.286
MinimumVisualStudioVersion = 10.0.40219.1
Project("{FAE04EC0-301F-11D3-BF4B-00C04F79EFBC}") = "Problem 2", "Problem 2\Problem 2.csproj", "{FCD0A23D-C47E-41EA-BA1F-B2E4B4DCFAF6}"
EndProject
Project("{FAE04EC0-301F-11D3-BF4B-00C04F79EFBC}") = "Problem 3", "Problem 3\Problem 3.csproj", "{F907A2C4-58D6-46C6-AA9E-BB305FA97A8A}"
EndProject
Project("{FAE04EC0-301F-11D3-BF4B-00C04F79EFBC}") = "1 Problem", "1 Problem\1 Problem.csproj", "{1E2BB3FC-41DE-4863-80ED-38044D52A53D}"
EndProject
Project("{FAE04EC0-301F-11D3-BF4B-00C04F79EFBC}") = "01. Burger Bus", "01. Burger Bus\01. Burger Bus.csproj", "{9E70E130-B342-46FE-92EA-CCDB8CB54AF6}"
EndProject
Project("{FAE04EC0-301F-11D3-BF4B-00C04F79EFBC}") = "02. Friend List Maintenance", "02. Friend List Maintenance\02. Friend List Maintenance.csproj", "{86B7A153-1BFC-43ED-BF29-08EE113500B0}"
EndProject
Project("{FAE04EC0-301F-11D3-BF4B-00C04F79EFBC}") = "03. Deck of Cards", "03. Deck of Cards\03. Deck of Cards.csproj", "{0E7C4166-8FA4-45DB-A524-19F23471D45F}"
EndProject
Global
	GlobalSection(SolutionConfigurationPlatforms) = preSolution
		Debug|Any CPU = Debug|Any CPU
		Release|Any CPU = Release|Any CPU
	EndGlobalSection
	GlobalSection(ProjectConfigurationPlatforms) = postSolution
		{FCD0A23D-C47E-41EA-BA1F-B2E4B4DCFAF6}.Debug|Any CPU.ActiveCfg = Debug|Any CPU
		{FCD0A23D-C47E-41EA-BA1F-B2E4B4DCFAF6}.Debug|Any CPU.Build.0 = Debug|Any CPU
		{FCD0A23D-C47E-41EA-BA1F-B2E4B4DCFAF6}.Release|Any CPU.ActiveCfg = Release|Any CPU
		{FCD0A23D-C47E-41EA-BA1F-B2E4B4DCFAF6}.Release|Any CPU.Build.0 = Release|Any CPU
		{F907A2C4-58D6-46C6-AA9E-BB305FA97A8A}.Debug|Any CPU.ActiveCfg = Debug|Any CPU
		{F907A2C4-58D6-46C6-AA9E-BB305FA97A8A}.Debug|Any CPU.Build.0 = Debug|Any CPU
		{F907A2C4-58D6-46C6-AA9E-BB305FA97A8A}.Release|Any CPU.ActiveCfg = Release|Any CPU
		{F907A2C4-58D6-46C6-AA9E-BB305FA97A8A}.Release|Any CPU.Build.0 = Release|Any CPU
		{1E2BB3FC-41DE-4863-80ED-38044D52A53D}.Debug|Any CPU.ActiveCfg = Debug|Any CPU
		{1E2BB3FC-41DE-4863-80ED-38044D52A53D}.Debug|Any CPU.Build.0 = Debug|Any CPU
		{1E2BB3FC-41DE-4863-80ED-38044D52A53D}.Release|Any CPU.ActiveCfg = Release|Any CPU
		{1E2BB3FC-41DE-4863-80ED-38044D52A53D}.Release|Any CPU.Build.0 = Release|Any CPU
		{9E70E130-B342-46FE-92EA-CCDB8CB54AF6}.Debug|Any CPU.ActiveCfg = Debug|Any CPU
		{9E70E130-B342-46FE-92EA-CCDB8CB54AF6}.Debug|Any CPU.Build.0 = Debug|Any CPU
		{9E70E130-B342-46FE-92EA-CCDB8CB54AF6}.Release|Any CPU.ActiveCfg = Release|Any CPU
		{9E70E130-B342-46FE-92EA-CCDB8CB54AF6}.Release|Any CPU.Build.0 = Release|Any CPU
		{86B7A153-1BFC-43ED-BF29-08EE113500B0}.Debug|Any CPU.ActiveCfg = Debug|Any CPU
		{86B7A153-1BFC-43ED-BF29-08EE113500B0}.Debug|Any CPU.Build.0 = Debug|Any CPU
		{86B7A153-1BFC-43ED-BF29-08EE113500B0}.Release|Any CPU.ActiveCfg = Release|Any CPU
		{86B7A153-1BFC-43ED-BF29-08EE113500B0}.Release|Any CPU.Build.0 = Release|Any CPU
		{0E7C4166-8FA4-45DB-A524-19F23471D45F}.Debug|Any CPU.ActiveCfg = Debug|Any CPU
		{0E7C4166-8FA4-45DB-A524-19F23471D45F}.Debug|Any CPU.Build.0 = Debug|Any CPU
		{0E7C4166-8FA4-45DB-A524-19F23471D45F}.Release|Any CPU.ActiveCfg = Release|Any CPU
		{0E7C4166-8FA4-45DB-A524-19F23471D45F}.Release|Any CPU.Build.0 = Release|Any CPU
	EndGlobalSection
	GlobalSection(SolutionProperties) = preSolution
		HideSolutionNode = FALSE
	EndGlobalSection
	GlobalSection(ExtensibilityGlobals) = postSolution
		SolutionGuid = {7406A99F-0BCA-477E-9D8F-B014554BF375}
	EndGlobalSection
EndGlobal
