
Microsoft Visual Studio Solution File, Format Version 12.00
# Visual Studio Version 17
VisualStudioVersion = 17.6.33723.286
MinimumVisualStudioVersion = 10.0.40219.1
Project("{9A19103F-16F7-4668-BE54-9A1E7A4F7556}") = "01. Smallest of Three Numbers", "01. Smallest of Three Numbers\01. Smallest of Three Numbers.csproj", "{302D96DF-1F99-4172-974A-18DC9E600427}"
EndProject
Project("{9A19103F-16F7-4668-BE54-9A1E7A4F7556}") = "02. Vowels Count", "02. Vowels Count\02. Vowels Count.csproj", "{46B7D5AE-F18B-4B53-87A8-2541A55E3B61}"
EndProject
Project("{9A19103F-16F7-4668-BE54-9A1E7A4F7556}") = "demo", "demo\demo.csproj", "{0500CD2A-F7BC-4006-BCC3-B276FA10FD68}"
EndProject
Project("{9A19103F-16F7-4668-BE54-9A1E7A4F7556}") = "03. Characters in Range", "03. Characters in Range\03. Characters in Range.csproj", "{1769B7AF-6D04-46CD-98F4-2655D5C6239D}"
EndProject
Project("{9A19103F-16F7-4668-BE54-9A1E7A4F7556}") = "04. Password Validator", "04. Password Validator\04. Password Validator.csproj", "{DAD57053-79F1-48E7-9BFB-748C5772B9C5}"
EndProject
Project("{9A19103F-16F7-4668-BE54-9A1E7A4F7556}") = "05. Add and Subtract", "05. Add and Subtract\05. Add and Subtract.csproj", "{589B511B-9973-48E7-B55A-38898E78C005}"
EndProject
Project("{9A19103F-16F7-4668-BE54-9A1E7A4F7556}") = "04. Password Validator - Exercise", "04. Password Validator - Exercise\04. Password Validator - Exercise.csproj", "{6A360D09-1FC2-4695-9A02-2ADB0B011609}"
EndProject
Project("{FAE04EC0-301F-11D3-BF4B-00C04F79EFBC}") = "09. Palindrome Integers", "09. Palindrome Integers\09. Palindrome Integers.csproj", "{40C4ED44-75C6-4C34-8294-310D107F5995}"
EndProject
Project("{FAE04EC0-301F-11D3-BF4B-00C04F79EFBC}") = "10. Top Number", "10. Top Number\10. Top Number.csproj", "{CAD70DA7-D164-47D9-94A2-5298D88B1457}"
EndProject
Project("{FAE04EC0-301F-11D3-BF4B-00C04F79EFBC}") = "11. Array Manipulator", "11. Array Manipulator\11. Array Manipulator.csproj", "{F87CD9BF-51D4-42EE-BD44-66D9F640369F}"
EndProject
Global
	GlobalSection(SolutionConfigurationPlatforms) = preSolution
		Debug|Any CPU = Debug|Any CPU
		Release|Any CPU = Release|Any CPU
	EndGlobalSection
	GlobalSection(ProjectConfigurationPlatforms) = postSolution
		{302D96DF-1F99-4172-974A-18DC9E600427}.Debug|Any CPU.ActiveCfg = Debug|Any CPU
		{302D96DF-1F99-4172-974A-18DC9E600427}.Debug|Any CPU.Build.0 = Debug|Any CPU
		{302D96DF-1F99-4172-974A-18DC9E600427}.Release|Any CPU.ActiveCfg = Release|Any CPU
		{302D96DF-1F99-4172-974A-18DC9E600427}.Release|Any CPU.Build.0 = Release|Any CPU
		{46B7D5AE-F18B-4B53-87A8-2541A55E3B61}.Debug|Any CPU.ActiveCfg = Debug|Any CPU
		{46B7D5AE-F18B-4B53-87A8-2541A55E3B61}.Debug|Any CPU.Build.0 = Debug|Any CPU
		{46B7D5AE-F18B-4B53-87A8-2541A55E3B61}.Release|Any CPU.ActiveCfg = Release|Any CPU
		{46B7D5AE-F18B-4B53-87A8-2541A55E3B61}.Release|Any CPU.Build.0 = Release|Any CPU
		{0500CD2A-F7BC-4006-BCC3-B276FA10FD68}.Debug|Any CPU.ActiveCfg = Debug|Any CPU
		{0500CD2A-F7BC-4006-BCC3-B276FA10FD68}.Debug|Any CPU.Build.0 = Debug|Any CPU
		{0500CD2A-F7BC-4006-BCC3-B276FA10FD68}.Release|Any CPU.ActiveCfg = Release|Any CPU
		{0500CD2A-F7BC-4006-BCC3-B276FA10FD68}.Release|Any CPU.Build.0 = Release|Any CPU
		{1769B7AF-6D04-46CD-98F4-2655D5C6239D}.Debug|Any CPU.ActiveCfg = Debug|Any CPU
		{1769B7AF-6D04-46CD-98F4-2655D5C6239D}.Debug|Any CPU.Build.0 = Debug|Any CPU
		{1769B7AF-6D04-46CD-98F4-2655D5C6239D}.Release|Any CPU.ActiveCfg = Release|Any CPU
		{1769B7AF-6D04-46CD-98F4-2655D5C6239D}.Release|Any CPU.Build.0 = Release|Any CPU
		{DAD57053-79F1-48E7-9BFB-748C5772B9C5}.Debug|Any CPU.ActiveCfg = Debug|Any CPU
		{DAD57053-79F1-48E7-9BFB-748C5772B9C5}.Debug|Any CPU.Build.0 = Debug|Any CPU
		{DAD57053-79F1-48E7-9BFB-748C5772B9C5}.Release|Any CPU.ActiveCfg = Release|Any CPU
		{DAD57053-79F1-48E7-9BFB-748C5772B9C5}.Release|Any CPU.Build.0 = Release|Any CPU
		{589B511B-9973-48E7-B55A-38898E78C005}.Debug|Any CPU.ActiveCfg = Debug|Any CPU
		{589B511B-9973-48E7-B55A-38898E78C005}.Debug|Any CPU.Build.0 = Debug|Any CPU
		{589B511B-9973-48E7-B55A-38898E78C005}.Release|Any CPU.ActiveCfg = Release|Any CPU
		{589B511B-9973-48E7-B55A-38898E78C005}.Release|Any CPU.Build.0 = Release|Any CPU
		{6A360D09-1FC2-4695-9A02-2ADB0B011609}.Debug|Any CPU.ActiveCfg = Debug|Any CPU
		{6A360D09-1FC2-4695-9A02-2ADB0B011609}.Debug|Any CPU.Build.0 = Debug|Any CPU
		{6A360D09-1FC2-4695-9A02-2ADB0B011609}.Release|Any CPU.ActiveCfg = Release|Any CPU
		{6A360D09-1FC2-4695-9A02-2ADB0B011609}.Release|Any CPU.Build.0 = Release|Any CPU
		{40C4ED44-75C6-4C34-8294-310D107F5995}.Debug|Any CPU.ActiveCfg = Debug|Any CPU
		{40C4ED44-75C6-4C34-8294-310D107F5995}.Debug|Any CPU.Build.0 = Debug|Any CPU
		{40C4ED44-75C6-4C34-8294-310D107F5995}.Release|Any CPU.ActiveCfg = Release|Any CPU
		{40C4ED44-75C6-4C34-8294-310D107F5995}.Release|Any CPU.Build.0 = Release|Any CPU
		{CAD70DA7-D164-47D9-94A2-5298D88B1457}.Debug|Any CPU.ActiveCfg = Debug|Any CPU
		{CAD70DA7-D164-47D9-94A2-5298D88B1457}.Debug|Any CPU.Build.0 = Debug|Any CPU
		{CAD70DA7-D164-47D9-94A2-5298D88B1457}.Release|Any CPU.ActiveCfg = Release|Any CPU
		{CAD70DA7-D164-47D9-94A2-5298D88B1457}.Release|Any CPU.Build.0 = Release|Any CPU
		{F87CD9BF-51D4-42EE-BD44-66D9F640369F}.Debug|Any CPU.ActiveCfg = Debug|Any CPU
		{F87CD9BF-51D4-42EE-BD44-66D9F640369F}.Debug|Any CPU.Build.0 = Debug|Any CPU
		{F87CD9BF-51D4-42EE-BD44-66D9F640369F}.Release|Any CPU.ActiveCfg = Release|Any CPU
		{F87CD9BF-51D4-42EE-BD44-66D9F640369F}.Release|Any CPU.Build.0 = Release|Any CPU
	EndGlobalSection
	GlobalSection(SolutionProperties) = preSolution
		HideSolutionNode = FALSE
	EndGlobalSection
	GlobalSection(ExtensibilityGlobals) = postSolution
		SolutionGuid = {C48B58C5-E6D4-41F1-837A-91A438037AC0}
	EndGlobalSection
EndGlobal
