
Microsoft Visual Studio Solution File, Format Version 12.00
# Visual Studio Version 17
VisualStudioVersion = 17.4.33213.308
MinimumVisualStudioVersion = 10.0.40219.1
Project("{9A19103F-16F7-4668-BE54-9A1E7A4F7556}") = "01.SortNums", "01.SortNums\01.SortNums.csproj", "{FBC27256-7221-4785-BAAB-E6730FE10DC5}"
EndProject
Project("{9A19103F-16F7-4668-BE54-9A1E7A4F7556}") = "02.  English Name of the Last Digit", "C:\Users\rumen\Source\Repos\02.  English Name of the Last Digit\02.  English Name of the Last Digit.csproj", "{5A978701-1FBE-4881-90B5-5F031D9744B6}"
EndProject
Project("{9A19103F-16F7-4668-BE54-9A1E7A4F7556}") = "01. Sort Numbers - Exercise", "C:\Users\rumen\Source\Repos\01. Sort Numbers - Exercise\01. Sort Numbers - Exercise.csproj", "{72D700DA-3CCC-492B-8465-2DB1CCD7045F}"
EndProject
Project("{9A19103F-16F7-4668-BE54-9A1E7A4F7556}") = "03. Gaming Store", "C:\Users\rumen\Source\Repos\03. Gaming Store\03. Gaming Store.csproj", "{662BF8D1-5A03-46F8-AED3-6E90528EC394}"
EndProject
Project("{9A19103F-16F7-4668-BE54-9A1E7A4F7556}") = "04. Reverse String", "C:\Users\rumen\Source\Repos\04. Reverse String\04. Reverse String.csproj", "{26372618-2F2A-45B4-ADCC-66ED6B2C10B4}"
EndProject
Project("{9A19103F-16F7-4668-BE54-9A1E7A4F7556}") = "05. Messages", "C:\Users\rumen\Source\Repos\05. Messages\05. Messages.csproj", "{BD1754C5-1721-4155-94E9-F8F536A30CC6}"
EndProject
Project("{FAE04EC0-301F-11D3-BF4B-00C04F79EFBC}") = "demo - More Exercise", "C:\Users\rumen\Source\Repos\demo - More Exercise\demo - More Exercise.csproj", "{BA7A9169-894E-4245-94E4-C90D2CD9B3AA}"
EndProject
Global
	GlobalSection(SolutionConfigurationPlatforms) = preSolution
		Debug|Any CPU = Debug|Any CPU
		Release|Any CPU = Release|Any CPU
	EndGlobalSection
	GlobalSection(ProjectConfigurationPlatforms) = postSolution
		{FBC27256-7221-4785-BAAB-E6730FE10DC5}.Debug|Any CPU.ActiveCfg = Debug|Any CPU
		{FBC27256-7221-4785-BAAB-E6730FE10DC5}.Debug|Any CPU.Build.0 = Debug|Any CPU
		{FBC27256-7221-4785-BAAB-E6730FE10DC5}.Release|Any CPU.ActiveCfg = Release|Any CPU
		{FBC27256-7221-4785-BAAB-E6730FE10DC5}.Release|Any CPU.Build.0 = Release|Any CPU
		{5A978701-1FBE-4881-90B5-5F031D9744B6}.Debug|Any CPU.ActiveCfg = Debug|Any CPU
		{5A978701-1FBE-4881-90B5-5F031D9744B6}.Debug|Any CPU.Build.0 = Debug|Any CPU
		{5A978701-1FBE-4881-90B5-5F031D9744B6}.Release|Any CPU.ActiveCfg = Release|Any CPU
		{5A978701-1FBE-4881-90B5-5F031D9744B6}.Release|Any CPU.Build.0 = Release|Any CPU
		{72D700DA-3CCC-492B-8465-2DB1CCD7045F}.Debug|Any CPU.ActiveCfg = Debug|Any CPU
		{72D700DA-3CCC-492B-8465-2DB1CCD7045F}.Debug|Any CPU.Build.0 = Debug|Any CPU
		{72D700DA-3CCC-492B-8465-2DB1CCD7045F}.Release|Any CPU.ActiveCfg = Release|Any CPU
		{72D700DA-3CCC-492B-8465-2DB1CCD7045F}.Release|Any CPU.Build.0 = Release|Any CPU
		{662BF8D1-5A03-46F8-AED3-6E90528EC394}.Debug|Any CPU.ActiveCfg = Debug|Any CPU
		{662BF8D1-5A03-46F8-AED3-6E90528EC394}.Debug|Any CPU.Build.0 = Debug|Any CPU
		{662BF8D1-5A03-46F8-AED3-6E90528EC394}.Release|Any CPU.ActiveCfg = Release|Any CPU
		{662BF8D1-5A03-46F8-AED3-6E90528EC394}.Release|Any CPU.Build.0 = Release|Any CPU
		{26372618-2F2A-45B4-ADCC-66ED6B2C10B4}.Debug|Any CPU.ActiveCfg = Debug|Any CPU
		{26372618-2F2A-45B4-ADCC-66ED6B2C10B4}.Debug|Any CPU.Build.0 = Debug|Any CPU
		{26372618-2F2A-45B4-ADCC-66ED6B2C10B4}.Release|Any CPU.ActiveCfg = Release|Any CPU
		{26372618-2F2A-45B4-ADCC-66ED6B2C10B4}.Release|Any CPU.Build.0 = Release|Any CPU
		{BD1754C5-1721-4155-94E9-F8F536A30CC6}.Debug|Any CPU.ActiveCfg = Debug|Any CPU
		{BD1754C5-1721-4155-94E9-F8F536A30CC6}.Debug|Any CPU.Build.0 = Debug|Any CPU
		{BD1754C5-1721-4155-94E9-F8F536A30CC6}.Release|Any CPU.ActiveCfg = Release|Any CPU
		{BD1754C5-1721-4155-94E9-F8F536A30CC6}.Release|Any CPU.Build.0 = Release|Any CPU
		{BA7A9169-894E-4245-94E4-C90D2CD9B3AA}.Debug|Any CPU.ActiveCfg = Debug|Any CPU
		{BA7A9169-894E-4245-94E4-C90D2CD9B3AA}.Debug|Any CPU.Build.0 = Debug|Any CPU
		{BA7A9169-894E-4245-94E4-C90D2CD9B3AA}.Release|Any CPU.ActiveCfg = Release|Any CPU
		{BA7A9169-894E-4245-94E4-C90D2CD9B3AA}.Release|Any CPU.Build.0 = Release|Any CPU
	EndGlobalSection
	GlobalSection(SolutionProperties) = preSolution
		HideSolutionNode = FALSE
	EndGlobalSection
	GlobalSection(ExtensibilityGlobals) = postSolution
		SolutionGuid = {E8837440-D55C-416B-8EAB-7F7DCA13FF70}
	EndGlobalSection
EndGlobal
