
Microsoft Visual Studio Solution File, Format Version 12.00
# Visual Studio Version 17
VisualStudioVersion = 17.6.33723.286
MinimumVisualStudioVersion = 10.0.40219.1
Project("{FAE04EC0-301F-11D3-BF4B-00C04F79EFBC}") = "Problem 1 – Bonus Scoring System", "Problem 1 – Bonus Scoring System\Problem 1 – Bonus Scoring System.csproj", "{0C9ED6F0-74F2-4E20-952C-E0463ACEAAD8}"
EndProject
Project("{FAE04EC0-301F-11D3-BF4B-00C04F79EFBC}") = "Problem 2 – Array Modifier", "Problem 2 – Array Modifier\Problem 2 – Array Modifier.csproj", "{93500BBD-39DE-4422-832F-CC946BE0F2E7}"
EndProject
Project("{FAE04EC0-301F-11D3-BF4B-00C04F79EFBC}") = "Problem 3 – Inventory", "Problem 3 – Inventory\Problem 3 – Inventory.csproj", "{AC388755-B2CE-409E-B810-C4465E4CABCA}"
EndProject
Global
	GlobalSection(SolutionConfigurationPlatforms) = preSolution
		Debug|Any CPU = Debug|Any CPU
		Release|Any CPU = Release|Any CPU
	EndGlobalSection
	GlobalSection(ProjectConfigurationPlatforms) = postSolution
		{0C9ED6F0-74F2-4E20-952C-E0463ACEAAD8}.Debug|Any CPU.ActiveCfg = Debug|Any CPU
		{0C9ED6F0-74F2-4E20-952C-E0463ACEAAD8}.Debug|Any CPU.Build.0 = Debug|Any CPU
		{0C9ED6F0-74F2-4E20-952C-E0463ACEAAD8}.Release|Any CPU.ActiveCfg = Release|Any CPU
		{0C9ED6F0-74F2-4E20-952C-E0463ACEAAD8}.Release|Any CPU.Build.0 = Release|Any CPU
		{93500BBD-39DE-4422-832F-CC946BE0F2E7}.Debug|Any CPU.ActiveCfg = Debug|Any CPU
		{93500BBD-39DE-4422-832F-CC946BE0F2E7}.Debug|Any CPU.Build.0 = Debug|Any CPU
		{93500BBD-39DE-4422-832F-CC946BE0F2E7}.Release|Any CPU.ActiveCfg = Release|Any CPU
		{93500BBD-39DE-4422-832F-CC946BE0F2E7}.Release|Any CPU.Build.0 = Release|Any CPU
		{AC388755-B2CE-409E-B810-C4465E4CABCA}.Debug|Any CPU.ActiveCfg = Debug|Any CPU
		{AC388755-B2CE-409E-B810-C4465E4CABCA}.Debug|Any CPU.Build.0 = Debug|Any CPU
		{AC388755-B2CE-409E-B810-C4465E4CABCA}.Release|Any CPU.ActiveCfg = Release|Any CPU
		{AC388755-B2CE-409E-B810-C4465E4CABCA}.Release|Any CPU.Build.0 = Release|Any CPU
	EndGlobalSection
	GlobalSection(SolutionProperties) = preSolution
		HideSolutionNode = FALSE
	EndGlobalSection
	GlobalSection(ExtensibilityGlobals) = postSolution
		SolutionGuid = {E2AED491-08B8-4185-B863-041D42848F24}
	EndGlobalSection
EndGlobal
