
Microsoft Visual Studio Solution File, Format Version 12.00
# Visual Studio Version 17
VisualStudioVersion = 17.6.33723.286
MinimumVisualStudioVersion = 10.0.40219.1
Project("{9A19103F-16F7-4668-BE54-9A1E7A4F7556}") = "01. World Tour", "01. World Tour\01. World Tour.csproj", "{F7509388-C2B3-479C-9129-EBEC06A8B7DC}"
EndProject
Project("{9A19103F-16F7-4668-BE54-9A1E7A4F7556}") = "02. Destination Mapper", "02. Destination Mapper\02. Destination Mapper.csproj", "{0BA69929-4BD0-4726-BF4C-DFA54F63E62C}"
EndProject
Project("{9A19103F-16F7-4668-BE54-9A1E7A4F7556}") = "03. Plant Discovery", "03. Plant Discovery\03. Plant Discovery.csproj", "{D41E8B00-1EAF-4C61-AECF-78C694E80F7F}"
EndProject
Project("{FAE04EC0-301F-11D3-BF4B-00C04F79EFBC}") = "01. World Tour - Exercise", "01. World Tour - Exercise\01. World Tour - Exercise.csproj", "{0A140B4D-6E3A-43AD-99BE-A227253DAF54}"
EndProject
Global
	GlobalSection(SolutionConfigurationPlatforms) = preSolution
		Debug|Any CPU = Debug|Any CPU
		Release|Any CPU = Release|Any CPU
	EndGlobalSection
	GlobalSection(ProjectConfigurationPlatforms) = postSolution
		{F7509388-C2B3-479C-9129-EBEC06A8B7DC}.Debug|Any CPU.ActiveCfg = Debug|Any CPU
		{F7509388-C2B3-479C-9129-EBEC06A8B7DC}.Debug|Any CPU.Build.0 = Debug|Any CPU
		{F7509388-C2B3-479C-9129-EBEC06A8B7DC}.Release|Any CPU.ActiveCfg = Release|Any CPU
		{F7509388-C2B3-479C-9129-EBEC06A8B7DC}.Release|Any CPU.Build.0 = Release|Any CPU
		{0BA69929-4BD0-4726-BF4C-DFA54F63E62C}.Debug|Any CPU.ActiveCfg = Debug|Any CPU
		{0BA69929-4BD0-4726-BF4C-DFA54F63E62C}.Debug|Any CPU.Build.0 = Debug|Any CPU
		{0BA69929-4BD0-4726-BF4C-DFA54F63E62C}.Release|Any CPU.ActiveCfg = Release|Any CPU
		{0BA69929-4BD0-4726-BF4C-DFA54F63E62C}.Release|Any CPU.Build.0 = Release|Any CPU
		{D41E8B00-1EAF-4C61-AECF-78C694E80F7F}.Debug|Any CPU.ActiveCfg = Debug|Any CPU
		{D41E8B00-1EAF-4C61-AECF-78C694E80F7F}.Debug|Any CPU.Build.0 = Debug|Any CPU
		{D41E8B00-1EAF-4C61-AECF-78C694E80F7F}.Release|Any CPU.ActiveCfg = Release|Any CPU
		{D41E8B00-1EAF-4C61-AECF-78C694E80F7F}.Release|Any CPU.Build.0 = Release|Any CPU
		{0A140B4D-6E3A-43AD-99BE-A227253DAF54}.Debug|Any CPU.ActiveCfg = Debug|Any CPU
		{0A140B4D-6E3A-43AD-99BE-A227253DAF54}.Debug|Any CPU.Build.0 = Debug|Any CPU
		{0A140B4D-6E3A-43AD-99BE-A227253DAF54}.Release|Any CPU.ActiveCfg = Release|Any CPU
		{0A140B4D-6E3A-43AD-99BE-A227253DAF54}.Release|Any CPU.Build.0 = Release|Any CPU
	EndGlobalSection
	GlobalSection(SolutionProperties) = preSolution
		HideSolutionNode = FALSE
	EndGlobalSection
	GlobalSection(ExtensibilityGlobals) = postSolution
		SolutionGuid = {60F5AAEC-BAF0-4784-93E2-0BA72F90AC93}
	EndGlobalSection
EndGlobal
