
Microsoft Visual Studio Solution File, Format Version 12.00
# Visual Studio Version 17
VisualStudioVersion = 17.6.33723.286
MinimumVisualStudioVersion = 10.0.40219.1
Project("{FAE04EC0-301F-11D3-BF4B-00C04F79EFBC}") = "01. Count Real Numbers", "01. Count Real Numbers\01. Count Real Numbers.csproj", "{6804BD35-C940-4AC7-B5BD-0CF53713D62E}"
EndProject
Project("{FAE04EC0-301F-11D3-BF4B-00C04F79EFBC}") = "02. Odd Occurrences", "02. Odd Occurrences\02. Odd Occurrences.csproj", "{BB277B4C-AFE8-4CFC-B8A1-06BAA537410F}"
EndProject
Project("{FAE04EC0-301F-11D3-BF4B-00C04F79EFBC}") = "03. Word Synonyms", "03. Word Synonyms\03. Word Synonyms.csproj", "{165246D3-BFFC-4E18-BA5A-643A853A6A6C}"
EndProject
Project("{FAE04EC0-301F-11D3-BF4B-00C04F79EFBC}") = "04. Word Filter", "04. Word Filter\04. Word Filter.csproj", "{010E51D8-3B14-4C35-B0E7-1B277A6658F4}"
EndProject
Global
	GlobalSection(SolutionConfigurationPlatforms) = preSolution
		Debug|Any CPU = Debug|Any CPU
		Release|Any CPU = Release|Any CPU
	EndGlobalSection
	GlobalSection(ProjectConfigurationPlatforms) = postSolution
		{6804BD35-C940-4AC7-B5BD-0CF53713D62E}.Debug|Any CPU.ActiveCfg = Debug|Any CPU
		{6804BD35-C940-4AC7-B5BD-0CF53713D62E}.Debug|Any CPU.Build.0 = Debug|Any CPU
		{6804BD35-C940-4AC7-B5BD-0CF53713D62E}.Release|Any CPU.ActiveCfg = Release|Any CPU
		{6804BD35-C940-4AC7-B5BD-0CF53713D62E}.Release|Any CPU.Build.0 = Release|Any CPU
		{BB277B4C-AFE8-4CFC-B8A1-06BAA537410F}.Debug|Any CPU.ActiveCfg = Debug|Any CPU
		{BB277B4C-AFE8-4CFC-B8A1-06BAA537410F}.Debug|Any CPU.Build.0 = Debug|Any CPU
		{BB277B4C-AFE8-4CFC-B8A1-06BAA537410F}.Release|Any CPU.ActiveCfg = Release|Any CPU
		{BB277B4C-AFE8-4CFC-B8A1-06BAA537410F}.Release|Any CPU.Build.0 = Release|Any CPU
		{165246D3-BFFC-4E18-BA5A-643A853A6A6C}.Debug|Any CPU.ActiveCfg = Debug|Any CPU
		{165246D3-BFFC-4E18-BA5A-643A853A6A6C}.Debug|Any CPU.Build.0 = Debug|Any CPU
		{165246D3-BFFC-4E18-BA5A-643A853A6A6C}.Release|Any CPU.ActiveCfg = Release|Any CPU
		{165246D3-BFFC-4E18-BA5A-643A853A6A6C}.Release|Any CPU.Build.0 = Release|Any CPU
		{010E51D8-3B14-4C35-B0E7-1B277A6658F4}.Debug|Any CPU.ActiveCfg = Debug|Any CPU
		{010E51D8-3B14-4C35-B0E7-1B277A6658F4}.Debug|Any CPU.Build.0 = Debug|Any CPU
		{010E51D8-3B14-4C35-B0E7-1B277A6658F4}.Release|Any CPU.ActiveCfg = Release|Any CPU
		{010E51D8-3B14-4C35-B0E7-1B277A6658F4}.Release|Any CPU.Build.0 = Release|Any CPU
	EndGlobalSection
	GlobalSection(SolutionProperties) = preSolution
		HideSolutionNode = FALSE
	EndGlobalSection
	GlobalSection(ExtensibilityGlobals) = postSolution
		SolutionGuid = {34DF02A9-0E1D-485D-B3D9-85A45ACEE3AB}
	EndGlobalSection
EndGlobal
