
Microsoft Visual Studio Solution File, Format Version 12.00
# Visual Studio Version 17
VisualStudioVersion = 17.4.33213.308
MinimumVisualStudioVersion = 10.0.40219.1
Project("{9A19103F-16F7-4668-BE54-9A1E7A4F7556}") = "01. Clock", "01. Clock\01. Clock.csproj", "{AD4374D6-5246-4AD3-BBC0-958554CE788A}"
EndProject
Project("{9A19103F-16F7-4668-BE54-9A1E7A4F7556}") = "demo", "demo\demo.csproj", "{3B158393-E86B-4D90-985F-41987F299C49}"
EndProject
Project("{9A19103F-16F7-4668-BE54-9A1E7A4F7556}") = "02. Multiplication Table", "02. Multiplication Table\02. Multiplication Table.csproj", "{949522F6-5792-4D28-9A42-8687BE5BC9C0}"
EndProject
Project("{9A19103F-16F7-4668-BE54-9A1E7A4F7556}") = "03. Combinations", "03. Combinations\03. Combinations.csproj", "{72DA63C9-E631-4118-8264-B6FAE51B3556}"
EndProject
Project("{9A19103F-16F7-4668-BE54-9A1E7A4F7556}") = "04. Sum of Two Numbers", "04. Sum of Two Numbers\04. Sum of Two Numbers.csproj", "{D0CEC9CD-F441-474C-952F-0757F54A4FEC}"
EndProject
Project("{9A19103F-16F7-4668-BE54-9A1E7A4F7556}") = "05. Travel", "05. Travel\05. Travel.csproj", "{A6C5A84D-BAAC-4C0A-A849-19EF118FE5B6}"
EndProject
Project("{9A19103F-16F7-4668-BE54-9A1E7A4F7556}") = "06. Building", "06. Building\06. Building.csproj", "{A331A414-D820-4B7C-8A0C-FFBE824360A3}"
EndProject
Project("{FAE04EC0-301F-11D3-BF4B-00C04F79EFBC}") = "01. Clock - Exercise", "01. Clock - Exercise\01. Clock - Exercise.csproj", "{FF4E2B6F-E333-4CCA-84BE-C23CE37D6401}"
EndProject
Project("{FAE04EC0-301F-11D3-BF4B-00C04F79EFBC}") = "02. Multiplication table - Exercise", "02. Multiplication table - Exercise\02. Multiplication table - Exercise.csproj", "{A4AC2B87-4AB4-4621-9DAB-3ABB48DC613E}"
EndProject
Project("{FAE04EC0-301F-11D3-BF4B-00C04F79EFBC}") = "03. Combinations - Exercise", "03. Combinations - Exercise\03. Combinations - Exercise.csproj", "{13E2225C-4F57-44EB-9C1F-F4B95A811B9E}"
EndProject
Project("{FAE04EC0-301F-11D3-BF4B-00C04F79EFBC}") = "04. Sum of two numbers - Exercise", "04. Sum of two numbers - Exercise\04. Sum of two numbers - Exercise.csproj", "{3E95FD57-BC44-4419-AFED-DADD456963A3}"
EndProject
Project("{FAE04EC0-301F-11D3-BF4B-00C04F79EFBC}") = "05. Travelling - Exercise", "05. Travelling - Exercise\05. Travelling - Exercise.csproj", "{7F4D5922-6B0B-4354-99F3-0C8CCCBA2090}"
EndProject
Global
	GlobalSection(SolutionConfigurationPlatforms) = preSolution
		Debug|Any CPU = Debug|Any CPU
		Release|Any CPU = Release|Any CPU
	EndGlobalSection
	GlobalSection(ProjectConfigurationPlatforms) = postSolution
		{AD4374D6-5246-4AD3-BBC0-958554CE788A}.Debug|Any CPU.ActiveCfg = Debug|Any CPU
		{AD4374D6-5246-4AD3-BBC0-958554CE788A}.Debug|Any CPU.Build.0 = Debug|Any CPU
		{AD4374D6-5246-4AD3-BBC0-958554CE788A}.Release|Any CPU.ActiveCfg = Release|Any CPU
		{AD4374D6-5246-4AD3-BBC0-958554CE788A}.Release|Any CPU.Build.0 = Release|Any CPU
		{3B158393-E86B-4D90-985F-41987F299C49}.Debug|Any CPU.ActiveCfg = Debug|Any CPU
		{3B158393-E86B-4D90-985F-41987F299C49}.Debug|Any CPU.Build.0 = Debug|Any CPU
		{3B158393-E86B-4D90-985F-41987F299C49}.Release|Any CPU.ActiveCfg = Release|Any CPU
		{3B158393-E86B-4D90-985F-41987F299C49}.Release|Any CPU.Build.0 = Release|Any CPU
		{949522F6-5792-4D28-9A42-8687BE5BC9C0}.Debug|Any CPU.ActiveCfg = Debug|Any CPU
		{949522F6-5792-4D28-9A42-8687BE5BC9C0}.Debug|Any CPU.Build.0 = Debug|Any CPU
		{949522F6-5792-4D28-9A42-8687BE5BC9C0}.Release|Any CPU.ActiveCfg = Release|Any CPU
		{949522F6-5792-4D28-9A42-8687BE5BC9C0}.Release|Any CPU.Build.0 = Release|Any CPU
		{72DA63C9-E631-4118-8264-B6FAE51B3556}.Debug|Any CPU.ActiveCfg = Debug|Any CPU
		{72DA63C9-E631-4118-8264-B6FAE51B3556}.Debug|Any CPU.Build.0 = Debug|Any CPU
		{72DA63C9-E631-4118-8264-B6FAE51B3556}.Release|Any CPU.ActiveCfg = Release|Any CPU
		{72DA63C9-E631-4118-8264-B6FAE51B3556}.Release|Any CPU.Build.0 = Release|Any CPU
		{D0CEC9CD-F441-474C-952F-0757F54A4FEC}.Debug|Any CPU.ActiveCfg = Debug|Any CPU
		{D0CEC9CD-F441-474C-952F-0757F54A4FEC}.Debug|Any CPU.Build.0 = Debug|Any CPU
		{D0CEC9CD-F441-474C-952F-0757F54A4FEC}.Release|Any CPU.ActiveCfg = Release|Any CPU
		{D0CEC9CD-F441-474C-952F-0757F54A4FEC}.Release|Any CPU.Build.0 = Release|Any CPU
		{A6C5A84D-BAAC-4C0A-A849-19EF118FE5B6}.Debug|Any CPU.ActiveCfg = Debug|Any CPU
		{A6C5A84D-BAAC-4C0A-A849-19EF118FE5B6}.Debug|Any CPU.Build.0 = Debug|Any CPU
		{A6C5A84D-BAAC-4C0A-A849-19EF118FE5B6}.Release|Any CPU.ActiveCfg = Release|Any CPU
		{A6C5A84D-BAAC-4C0A-A849-19EF118FE5B6}.Release|Any CPU.Build.0 = Release|Any CPU
		{A331A414-D820-4B7C-8A0C-FFBE824360A3}.Debug|Any CPU.ActiveCfg = Debug|Any CPU
		{A331A414-D820-4B7C-8A0C-FFBE824360A3}.Debug|Any CPU.Build.0 = Debug|Any CPU
		{A331A414-D820-4B7C-8A0C-FFBE824360A3}.Release|Any CPU.ActiveCfg = Release|Any CPU
		{A331A414-D820-4B7C-8A0C-FFBE824360A3}.Release|Any CPU.Build.0 = Release|Any CPU
		{FF4E2B6F-E333-4CCA-84BE-C23CE37D6401}.Debug|Any CPU.ActiveCfg = Debug|Any CPU
		{FF4E2B6F-E333-4CCA-84BE-C23CE37D6401}.Debug|Any CPU.Build.0 = Debug|Any CPU
		{FF4E2B6F-E333-4CCA-84BE-C23CE37D6401}.Release|Any CPU.ActiveCfg = Release|Any CPU
		{FF4E2B6F-E333-4CCA-84BE-C23CE37D6401}.Release|Any CPU.Build.0 = Release|Any CPU
		{A4AC2B87-4AB4-4621-9DAB-3ABB48DC613E}.Debug|Any CPU.ActiveCfg = Debug|Any CPU
		{A4AC2B87-4AB4-4621-9DAB-3ABB48DC613E}.Debug|Any CPU.Build.0 = Debug|Any CPU
		{A4AC2B87-4AB4-4621-9DAB-3ABB48DC613E}.Release|Any CPU.ActiveCfg = Release|Any CPU
		{A4AC2B87-4AB4-4621-9DAB-3ABB48DC613E}.Release|Any CPU.Build.0 = Release|Any CPU
		{13E2225C-4F57-44EB-9C1F-F4B95A811B9E}.Debug|Any CPU.ActiveCfg = Debug|Any CPU
		{13E2225C-4F57-44EB-9C1F-F4B95A811B9E}.Debug|Any CPU.Build.0 = Debug|Any CPU
		{13E2225C-4F57-44EB-9C1F-F4B95A811B9E}.Release|Any CPU.ActiveCfg = Release|Any CPU
		{13E2225C-4F57-44EB-9C1F-F4B95A811B9E}.Release|Any CPU.Build.0 = Release|Any CPU
		{3E95FD57-BC44-4419-AFED-DADD456963A3}.Debug|Any CPU.ActiveCfg = Debug|Any CPU
		{3E95FD57-BC44-4419-AFED-DADD456963A3}.Debug|Any CPU.Build.0 = Debug|Any CPU
		{3E95FD57-BC44-4419-AFED-DADD456963A3}.Release|Any CPU.ActiveCfg = Release|Any CPU
		{3E95FD57-BC44-4419-AFED-DADD456963A3}.Release|Any CPU.Build.0 = Release|Any CPU
		{7F4D5922-6B0B-4354-99F3-0C8CCCBA2090}.Debug|Any CPU.ActiveCfg = Debug|Any CPU
		{7F4D5922-6B0B-4354-99F3-0C8CCCBA2090}.Debug|Any CPU.Build.0 = Debug|Any CPU
		{7F4D5922-6B0B-4354-99F3-0C8CCCBA2090}.Release|Any CPU.ActiveCfg = Release|Any CPU
		{7F4D5922-6B0B-4354-99F3-0C8CCCBA2090}.Release|Any CPU.Build.0 = Release|Any CPU
	EndGlobalSection
	GlobalSection(SolutionProperties) = preSolution
		HideSolutionNode = FALSE
	EndGlobalSection
	GlobalSection(ExtensibilityGlobals) = postSolution
		SolutionGuid = {F70D5AE2-4387-47BA-B0B3-2601D7244268}
	EndGlobalSection
EndGlobal
